// !$*UTF8*$!
{
	archiveVersion = 1;
	classes = {
	};
	objectVersion = 56;
	objects = {

/* Begin PBXBuildFile section */
		678924EA2A1BD1C40024CD7E /* AppDelegate.swift in Sources */ = {isa = PBXBuildFile; fileRef = 678924E92A1BD1C40024CD7E /* AppDelegate.swift */; };
		678924EC2A1BD1C40024CD7E /* SceneDelegate.swift in Sources */ = {isa = PBXBuildFile; fileRef = 678924EB2A1BD1C40024CD7E /* SceneDelegate.swift */; };
		678924EE2A1BD1C40024CD7E /* ViewController.swift in Sources */ = {isa = PBXBuildFile; fileRef = 678924ED2A1BD1C40024CD7E /* ViewController.swift */; };
		678924F12A1BD1C40024CD7E /* Main.storyboard in Resources */ = {isa = PBXBuildFile; fileRef = 678924EF2A1BD1C40024CD7E /* Main.storyboard */; };
		678924F32A1BD1C50024CD7E /* Assets.xcassets in Resources */ = {isa = PBXBuildFile; fileRef = 678924F22A1BD1C50024CD7E /* Assets.xcassets */; };
		678924F62A1BD1C50024CD7E /* LaunchScreen.storyboard in Resources */ = {isa = PBXBuildFile; fileRef = 678924F42A1BD1C50024CD7E /* LaunchScreen.storyboard */; };
		678925012A1BD1C50024CD7E /* LightTests.swift in Sources */ = {isa = PBXBuildFile; fileRef = 678925002A1BD1C50024CD7E /* LightTests.swift */; };
		6789250B2A1BD1C50024CD7E /* LightUITests.swift in Sources */ = {isa = PBXBuildFile; fileRef = 6789250A2A1BD1C50024CD7E /* LightUITests.swift */; };
		6789250D2A1BD1C50024CD7E /* LightUITestsLaunchTests.swift in Sources */ = {isa = PBXBuildFile; fileRef = 6789250C2A1BD1C50024CD7E /* LightUITestsLaunchTests.swift */; };
/* End PBXBuildFile section */

/* Begin PBXContainerItemProxy section */
		678924FD2A1BD1C50024CD7E /* PBXContainerItemProxy */ = {
			isa = PBXContainerItemProxy;
			containerPortal = 678924DE2A1BD1C40024CD7E /* Project object */;
			proxyType = 1;
			remoteGlobalIDString = 678924E52A1BD1C40024CD7E;
			remoteInfo = Light;
		};
		678925072A1BD1C50024CD7E /* PBXContainerItemProxy */ = {
			isa = PBXContainerItemProxy;
			containerPortal = 678924DE2A1BD1C40024CD7E /* Project object */;
			proxyType = 1;
			remoteGlobalIDString = 678924E52A1BD1C40024CD7E;
			remoteInfo = Light;
		};
/* End PBXContainerItemProxy section */

/* Begin PBXFileReference section */
		678924E62A1BD1C40024CD7E /* Light.app */ = {isa = PBXFileReference; explicitFileType = wrapper.application; includeInIndex = 0; path = Light.app; sourceTree = BUILT_PRODUCTS_DIR; };
		678924E92A1BD1C40024CD7E /* AppDelegate.swift */ = {isa = PBXFileReference; lastKnownFileType = sourcecode.swift; path = AppDelegate.swift; sourceTree = "<group>"; };
		678924EB2A1BD1C40024CD7E /* SceneDelegate.swift */ = {isa = PBXFileReference; lastKnownFileType = sourcecode.swift; path = SceneDelegate.swift; sourceTree = "<group>"; };
		678924ED2A1BD1C40024CD7E /* ViewController.swift */ = {isa = PBXFileReference; lastKnownFileType = sourcecode.swift; path = ViewController.swift; sourceTree = "<group>"; };
		678924F02A1BD1C40024CD7E /* Base */ = {isa = PBXFileReference; lastKnownFileType = file.storyboard; name = Base; path = Base.lproj/Main.storyboard; sourceTree = "<group>"; };
		678924F22A1BD1C50024CD7E /* Assets.xcassets */ = {isa = PBXFileReference; lastKnownFileType = folder.assetcatalog; path = Assets.xcassets; sourceTree = "<group>"; };
		678924F52A1BD1C50024CD7E /* Base */ = {isa = PBXFileReference; lastKnownFileType = file.storyboard; name = Base; path = Base.lproj/LaunchScreen.storyboard; sourceTree = "<group>"; };
		678924F72A1BD1C50024CD7E /* Info.plist */ = {isa = PBXFileReference; lastKnownFileType = text.plist.xml; path = Info.plist; sourceTree = "<group>"; };
		678924FC2A1BD1C50024CD7E /* LightTests.xctest */ = {isa = PBXFileReference; explicitFileType = wrapper.cfbundle; includeInIndex = 0; path = LightTests.xctest; sourceTree = BUILT_PRODUCTS_DIR; };
		678925002A1BD1C50024CD7E /* LightTests.swift */ = {isa = PBXFileReference; lastKnownFileType = sourcecode.swift; path = LightTests.swift; sourceTree = "<group>"; };
		678925062A1BD1C50024CD7E /* LightUITests.xctest */ = {isa = PBXFileReference; explicitFileType = wrapper.cfbundle; includeInIndex = 0; path = LightUITests.xctest; sourceTree = BUILT_PRODUCTS_DIR; };
		6789250A2A1BD1C50024CD7E /* LightUITests.swift */ = {isa = PBXFileReference; lastKnownFileType = sourcecode.swift; path = LightUITests.swift; sourceTree = "<group>"; };
		6789250C2A1BD1C50024CD7E /* LightUITestsLaunchTests.swift */ = {isa = PBXFileReference; lastKnownFileType = sourcecode.swift; path = LightUITestsLaunchTests.swift; sourceTree = "<group>"; };
/* End PBXFileReference section */

/* Begin PBXFrameworksBuildPhase section */
		678924E32A1BD1C40024CD7E /* Frameworks */ = {
			isa = PBXFrameworksBuildPhase;
			buildActionMask = 2147483647;
			files = (
			);
			runOnlyForDeploymentPostprocessing = 0;
		};
		678924F92A1BD1C50024CD7E /* Frameworks */ = {
			isa = PBXFrameworksBuildPhase;
			buildActionMask = 2147483647;
			files = (
			);
			runOnlyForDeploymentPostprocessing = 0;
		};
		678925032A1BD1C50024CD7E /* Frameworks */ = {
			isa = PBXFrameworksBuildPhase;
			buildActionMask = 2147483647;
			files = (
			);
			runOnlyForDeploymentPostprocessing = 0;
		};
/* End PBXFrameworksBuildPhase section */

/* Begin PBXGroup section */
		678924DD2A1BD1C40024CD7E = {
			isa = PBXGroup;
			children = (
				678924E82A1BD1C40024CD7E /* Light */,
				678924FF2A1BD1C50024CD7E /* LightTests */,
				678925092A1BD1C50024CD7E /* LightUITests */,
				678924E72A1BD1C40024CD7E /* Products */,
			);
			sourceTree = "<group>";
		};
		678924E72A1BD1C40024CD7E /* Products */ = {
			isa = PBXGroup;
			children = (
				678924E62A1BD1C40024CD7E /* Light.app */,
				678924FC2A1BD1C50024CD7E /* LightTests.xctest */,
				678925062A1BD1C50024CD7E /* LightUITests.xctest */,
			);
			name = Products;
			sourceTree = "<group>";
		};
		678924E82A1BD1C40024CD7E /* Light */ = {
			isa = PBXGroup;
			children = (
				678924E92A1BD1C40024CD7E /* AppDelegate.swift */,
				678924EB2A1BD1C40024CD7E /* SceneDelegate.swift */,
				678924ED2A1BD1C40024CD7E /* ViewController.swift */,
				678924EF2A1BD1C40024CD7E /* Main.storyboard */,
				678924F22A1BD1C50024CD7E /* Assets.xcassets */,
				678924F42A1BD1C50024CD7E /* LaunchScreen.storyboard */,
				678924F72A1BD1C50024CD7E /* Info.plist */,
			);
			path = Light;
			sourceTree = "<group>";
		};
		678924FF2A1BD1C50024CD7E /* LightTests */ = {
			isa = PBXGroup;
			children = (
				678925002A1BD1C50024CD7E /* LightTests.swift */,
			);
			path = LightTests;
			sourceTree = "<group>";
		};
		678925092A1BD1C50024CD7E /* LightUITests */ = {
			isa = PBXGroup;
			children = (
				6789250A2A1BD1C50024CD7E /* LightUITests.swift */,
				6789250C2A1BD1C50024CD7E /* LightUITestsLaunchTests.swift */,
			);
			path = LightUITests;
			sourceTree = "<group>";
		};
/* End PBXGroup section */

/* Begin PBXNativeTarget section */
		678924E52A1BD1C40024CD7E /* Light */ = {
			isa = PBXNativeTarget;
			buildConfigurationList = 678925102A1BD1C50024CD7E /* Build configuration list for PBXNativeTarget "Light" */;
			buildPhases = (
				678924E22A1BD1C40024CD7E /* Sources */,
				678924E32A1BD1C40024CD7E /* Frameworks */,
				678924E42A1BD1C40024CD7E /* Resources */,
			);
			buildRules = (
			);
			dependencies = (
			);
			name = Light;
			productName = Light;
			productReference = 678924E62A1BD1C40024CD7E /* Light.app */;
			productType = "com.apple.product-type.application";
		};
		678924FB2A1BD1C50024CD7E /* LightTests */ = {
			isa = PBXNativeTarget;
			buildConfigurationList = 678925132A1BD1C50024CD7E /* Build configuration list for PBXNativeTarget "LightTests" */;
			buildPhases = (
				678924F82A1BD1C50024CD7E /* Sources */,
				678924F92A1BD1C50024CD7E /* Frameworks */,
				678924FA2A1BD1C50024CD7E /* Resources */,
			);
			buildRules = (
			);
			dependencies = (
				678924FE2A1BD1C50024CD7E /* PBXTargetDependency */,
			);
			name = LightTests;
			productName = LightTests;
			productReference = 678924FC2A1BD1C50024CD7E /* LightTests.xctest */;
			productType = "com.apple.product-type.bundle.unit-test";
		};
		678925052A1BD1C50024CD7E /* LightUITests */ = {
			isa = PBXNativeTarget;
			buildConfigurationList = 678925162A1BD1C50024CD7E /* Build configuration list for PBXNativeTarget "LightUITests" */;
			buildPhases = (
				678925022A1BD1C50024CD7E /* Sources */,
				678925032A1BD1C50024CD7E /* Frameworks */,
				678925042A1BD1C50024CD7E /* Resources */,
			);
			buildRules = (
			);
			dependencies = (
				678925082A1BD1C50024CD7E /* PBXTargetDependency */,
			);
			name = LightUITests;
			productName = LightUITests;
			productReference = 678925062A1BD1C50024CD7E /* LightUITests.xctest */;
			productType = "com.apple.product-type.bundle.ui-testing";
		};
/* End PBXNativeTarget section */

/* Begin PBXProject section */
		678924DE2A1BD1C40024CD7E /* Project object */ = {
			isa = PBXProject;
			attributes = {
				BuildIndependentTargetsInParallel = 1;
				LastSwiftUpdateCheck = 1430;
				LastUpgradeCheck = 1430;
				TargetAttributes = {
					678924E52A1BD1C40024CD7E = {
						CreatedOnToolsVersion = 14.3;
					};
					678924FB2A1BD1C50024CD7E = {
						CreatedOnToolsVersion = 14.3;
						TestTargetID = 678924E52A1BD1C40024CD7E;
					};
					678925052A1BD1C50024CD7E = {
						CreatedOnToolsVersion = 14.3;
						TestTargetID = 678924E52A1BD1C40024CD7E;
					};
				};
			};
			buildConfigurationList = 678924E12A1BD1C40024CD7E /* Build configuration list for PBXProject "Light" */;
			compatibilityVersion = "Xcode 14.0";
			developmentRegion = en;
			hasScannedForEncodings = 0;
			knownRegions = (
				en,
				Base,
			);
			mainGroup = 678924DD2A1BD1C40024CD7E;
			productRefGroup = 678924E72A1BD1C40024CD7E /* Products */;
			projectDirPath = "";
			projectRoot = "";
			targets = (
				678924E52A1BD1C40024CD7E /* Light */,
				678924FB2A1BD1C50024CD7E /* LightTests */,
				678925052A1BD1C50024CD7E /* LightUITests */,
			);
		};
/* End PBXProject section */

/* Begin PBXResourcesBuildPhase section */
		678924E42A1BD1C40024CD7E /* Resources */ = {
			isa = PBXResourcesBuildPhase;
			buildActionMask = 2147483647;
			files = (
				678924F62A1BD1C50024CD7E /* LaunchScreen.storyboard in Resources */,
				678924F32A1BD1C50024CD7E /* Assets.xcassets in Resources */,
				678924F12A1BD1C40024CD7E /* Main.storyboard in Resources */,
			);
			runOnlyForDeploymentPostprocessing = 0;
		};
		678924FA2A1BD1C50024CD7E /* Resources */ = {
			isa = PBXResourcesBuildPhase;
			buildActionMask = 2147483647;
			files = (
			);
			runOnlyForDeploymentPostprocessing = 0;
		};
		678925042A1BD1C50024CD7E /* Resources */ = {
			isa = PBXResourcesBuildPhase;
			buildActionMask = 2147483647;
			files = (
			);
			runOnlyForDeploymentPostprocessing = 0;
		};
/* End PBXResourcesBuildPhase section */

/* Begin PBXSourcesBuildPhase section */
		678924E22A1BD1C40024CD7E /* Sources */ = {
			isa = PBXSourcesBuildPhase;
			buildActionMask = 2147483647;
			files = (
				678924EE2A1BD1C40024CD7E /* ViewController.swift in Sources */,
				678924EA2A1BD1C40024CD7E /* AppDelegate.swift in Sources */,
				678924EC2A1BD1C40024CD7E /* SceneDelegate.swift in Sources */,
			);
			runOnlyForDeploymentPostprocessing = 0;
		};
		678924F82A1BD1C50024CD7E /* Sources */ = {
			isa = PBXSourcesBuildPhase;
			buildActionMask = 2147483647;
			files = (
				678925012A1BD1C50024CD7E /* LightTests.swift in Sources */,
			);
			runOnlyForDeploymentPostprocessing = 0;
		};
		678925022A1BD1C50024CD7E /* Sources */ = {
			isa = PBXSourcesBuildPhase;
			buildActionMask = 2147483647;
			files = (
				6789250B2A1BD1C50024CD7E /* LightUITests.swift in Sources */,
				6789250D2A1BD1C50024CD7E /* LightUITestsLaunchTests.swift in Sources */,
			);
			runOnlyForDeploymentPostprocessing = 0;
		};
/* End PBXSourcesBuildPhase section */

/* Begin PBXTargetDependency section */
		678924FE2A1BD1C50024CD7E /* PBXTargetDependency */ = {
			isa = PBXTargetDependency;
			target = 678924E52A1BD1C40024CD7E /* Light */;
			targetProxy = 678924FD2A1BD1C50024CD7E /* PBXContainerItemProxy */;
		};
		678925082A1BD1C50024CD7E /* PBXTargetDependency */ = {
			isa = PBXTargetDependency;
			target = 678924E52A1BD1C40024CD7E /* Light */;
			targetProxy = 678925072A1BD1C50024CD7E /* PBXContainerItemProxy */;
		};
/* End PBXTargetDependency section */

/* Begin PBXVariantGroup section */
		678924EF2A1BD1C40024CD7E /* Main.storyboard */ = {
			isa = PBXVariantGroup;
			children = (
				678924F02A1BD1C40024CD7E /* Base */,
			);
			name = Main.storyboard;
			sourceTree = "<group>";
		};
		678924F42A1BD1C50024CD7E /* LaunchScreen.storyboard */ = {
			isa = PBXVariantGroup;
			children = (
				678924F52A1BD1C50024CD7E /* Base */,
			);
			name = LaunchScreen.storyboard;
			sourceTree = "<group>";
		};
/* End PBXVariantGroup section */

/* Begin XCBuildConfiguration section */
		6789250E2A1BD1C50024CD7E /* Debug */ = {
			isa = XCBuildConfiguration;
			buildSettings = {
				ALWAYS_SEARCH_USER_PATHS = NO;
				CLANG_ANALYZER_NONNULL = YES;
				CLANG_ANALYZER_NUMBER_OBJECT_CONVERSION = YES_AGGRESSIVE;
				CLANG_CXX_LANGUAGE_STANDARD = "gnu++20";
				CLANG_ENABLE_MODULES = YES;
				CLANG_ENABLE_OBJC_ARC = YES;
				CLANG_ENABLE_OBJC_WEAK = YES;
				CLANG_WARN_BLOCK_CAPTURE_AUTORELEASING = YES;
				CLANG_WARN_BOOL_CONVERSION = YES;
				CLANG_WARN_COMMA = YES;
				CLANG_WARN_CONSTANT_CONVERSION = YES;
				CLANG_WARN_DEPRECATED_OBJC_IMPLEMENTATIONS = YES;
				CLANG_WARN_DIRECT_OBJC_ISA_USAGE = YES_ERROR;
				CLANG_WARN_DOCUMENTATION_COMMENTS = YES;
				CLANG_WARN_EMPTY_BODY = YES;
				CLANG_WARN_ENUM_CONVERSION = YES;
				CLANG_WARN_INFINITE_RECURSION = YES;
				CLANG_WARN_INT_CONVERSION = YES;
				CLANG_WARN_NON_LITERAL_NULL_CONVERSION = YES;
				CLANG_WARN_OBJC_IMPLICIT_RETAIN_SELF = YES;
				CLANG_WARN_OBJC_LITERAL_CONVERSION = YES;
				CLANG_WARN_OBJC_ROOT_CLASS = YES_ERROR;
				CLANG_WARN_QUOTED_INCLUDE_IN_FRAMEWORK_HEADER = YES;
				CLANG_WARN_RANGE_LOOP_ANALYSIS = YES;
				CLANG_WARN_STRICT_PROTOTYPES = YES;
				CLANG_WARN_SUSPICIOUS_MOVE = YES;
				CLANG_WARN_UNGUARDED_AVAILABILITY = YES_AGGRESSIVE;
				CLANG_WARN_UNREACHABLE_CODE = YES;
				CLANG_WARN__DUPLICATE_METHOD_MATCH = YES;
				COPY_PHASE_STRIP = NO;
				DEBUG_INFORMATION_FORMAT = dwarf;
				ENABLE_STRICT_OBJC_MSGSEND = YES;
				ENABLE_TESTABILITY = YES;
				GCC_C_LANGUAGE_STANDARD = gnu11;
				GCC_DYNAMIC_NO_PIC = NO;
				GCC_NO_COMMON_BLOCKS = YES;
				GCC_OPTIMIZATION_LEVEL = 0;
				GCC_PREPROCESSOR_DEFINITIONS = (
					"DEBUG=1",
					"$(inherited)",
				);
				GCC_WARN_64_TO_32_BIT_CONVERSION = YES;
				GCC_WARN_ABOUT_RETURN_TYPE = YES_ERROR;
				GCC_WARN_UNDECLARED_SELECTOR = YES;
				GCC_WARN_UNINITIALIZED_AUTOS = YES_AGGRESSIVE;
				GCC_WARN_UNUSED_FUNCTION = YES;
				GCC_WARN_UNUSED_VARIABLE = YES;
				IPHONEOS_DEPLOYMENT_TARGET = 16.4;
				MTL_ENABLE_DEBUG_INFO = INCLUDE_SOURCE;
				MTL_FAST_MATH = YES;
				ONLY_ACTIVE_ARCH = YES;
				SDKROOT = iphoneos;
				SWIFT_ACTIVE_COMPILATION_CONDITIONS = DEBUG;
				SWIFT_OPTIMIZATION_LEVEL = "-Onone";
			};
			name = Debug;
		};
		6789250F2A1BD1C50024CD7E /* Release */ = {
			isa = XCBuildConfiguration;
			buildSettings = {
				ALWAYS_SEARCH_USER_PATHS = NO;
				CLANG_ANALYZER_NONNULL = YES;
				CLANG_ANALYZER_NUMBER_OBJECT_CONVERSION = YES_AGGRESSIVE;
				CLANG_CXX_LANGUAGE_STANDARD = "gnu++20";
				CLANG_ENABLE_MODULES = YES;
				CLANG_ENABLE_OBJC_ARC = YES;
				CLANG_ENABLE_OBJC_WEAK = YES;
				CLANG_WARN_BLOCK_CAPTURE_AUTORELEASING = YES;
				CLANG_WARN_BOOL_CONVERSION = YES;
				CLANG_WARN_COMMA = YES;
				CLANG_WARN_CONSTANT_CONVERSION = YES;
				CLANG_WARN_DEPRECATED_OBJC_IMPLEMENTATIONS = YES;
				CLANG_WARN_DIRECT_OBJC_ISA_USAGE = YES_ERROR;
				CLANG_WARN_DOCUMENTATION_COMMENTS = YES;
				CLANG_WARN_EMPTY_BODY = YES;
				CLANG_WARN_ENUM_CONVERSION = YES;
				CLANG_WARN_INFINITE_RECURSION = YES;
				CLANG_WARN_INT_CONVERSION = YES;
				CLANG_WARN_NON_LITERAL_NULL_CONVERSION = YES;
				CLANG_WARN_OBJC_IMPLICIT_RETAIN_SELF = YES;
				CLANG_WARN_OBJC_LITERAL_CONVERSION = YES;
				CLANG_WARN_OBJC_ROOT_CLASS = YES_ERROR;
				CLANG_WARN_QUOTED_INCLUDE_IN_FRAMEWORK_HEADER = YES;
				CLANG_WARN_RANGE_LOOP_ANALYSIS = YES;
				CLANG_WARN_STRICT_PROTOTYPES = YES;
				CLANG_WARN_SUSPICIOUS_MOVE = YES;
				CLANG_WARN_UNGUARDED_AVAILABILITY = YES_AGGRESSIVE;
				CLANG_WARN_UNREACHABLE_CODE = YES;
				CLANG_WARN__DUPLICATE_METHOD_MATCH = YES;
				COPY_PHASE_STRIP = NO;
				DEBUG_INFORMATION_FORMAT = "dwarf-with-dsym";
				ENABLE_NS_ASSERTIONS = NO;
				ENABLE_STRICT_OBJC_MSGSEND = YES;
				GCC_C_LANGUAGE_STANDARD = gnu11;
				GCC_NO_COMMON_BLOCKS = YES;
				GCC_WARN_64_TO_32_BIT_CONVERSION = YES;
				GCC_WARN_ABOUT_RETURN_TYPE = YES_ERROR;
				GCC_WARN_UNDECLARED_SELECTOR = YES;
				GCC_WARN_UNINITIALIZED_AUTOS = YES_AGGRESSIVE;
				GCC_WARN_UNUSED_FUNCTION = YES;
				GCC_WARN_UNUSED_VARIABLE = YES;
				IPHONEOS_DEPLOYMENT_TARGET = 16.4;
				MTL_ENABLE_DEBUG_INFO = NO;
				MTL_FAST_MATH = YES;
				SDKROOT = iphoneos;
				SWIFT_COMPILATION_MODE = wholemodule;
				SWIFT_OPTIMIZATION_LEVEL = "-O";
				VALIDATE_PRODUCT = YES;
			};
			name = Release;
		};
		678925112A1BD1C50024CD7E /* Debug */ = {
			isa = XCBuildConfiguration;
			buildSettings = {
				ASSETCATALOG_COMPILER_APPICON_NAME = AppIcon;
				ASSETCATALOG_COMPILER_GLOBAL_ACCENT_COLOR_NAME = AccentColor;
				CODE_SIGN_STYLE = Automatic;
				CURRENT_PROJECT_VERSION = 1;
				DEVELOPMENT_TEAM = MRTG5M3GF7;
				GENERATE_INFOPLIST_FILE = YES;
				INFOPLIST_FILE = Light/Info.plist;
				INFOPLIST_KEY_UIApplicationSupportsIndirectInputEvents = YES;
				INFOPLIST_KEY_UILaunchStoryboardName = LaunchScreen;
				INFOPLIST_KEY_UIMainStoryboardFile = Main;
				INFOPLIST_KEY_UISupportedInterfaceOrientations_iPad = "UIInterfaceOrientationPortrait UIInterfaceOrientationPortraitUpsideDown UIInterfaceOrientationLandscapeLeft UIInterfaceOrientationLandscapeRight";
				INFOPLIST_KEY_UISupportedInterfaceOrientations_iPhone = "UIInterfaceOrientationPortrait UIInterfaceOrientationLandscapeLeft UIInterfaceOrientationLandscapeRight";
				LD_RUNPATH_SEARCH_PATHS = (
					"$(inherited)",
					"@executable_path/Frameworks",
				);
				MARKETING_VERSION = 1.0;
				PRODUCT_BUNDLE_IDENTIFIER = TryAdd.Light;
				PRODUCT_NAME = "$(TARGET_NAME)";
				SWIFT_EMIT_LOC_STRINGS = YES;
				SWIFT_VERSION = 5.0;
				TARGETED_DEVICE_FAMILY = "1,2";
			};
			name = Debug;
		};
		678925122A1BD1C50024CD7E /* Release */ = {
			isa = XCBuildConfiguration;
			buildSettings = {
				ASSETCATALOG_COMPILER_APPICON_NAME = AppIcon;
				ASSETCATALOG_COMPILER_GLOBAL_ACCENT_COLOR_NAME = AccentColor;
				CODE_SIGN_STYLE = Automatic;
				CURRENT_PROJECT_VERSION = 1;
				DEVELOPMENT_TEAM = MRTG5M3GF7;
				GENERATE_INFOPLIST_FILE = YES;
				INFOPLIST_FILE = Light/Info.plist;
				INFOPLIST_KEY_UIApplicationSupportsIndirectInputEvents = YES;
				INFOPLIST_KEY_UILaunchStoryboardName = LaunchScreen;
				INFOPLIST_KEY_UIMainStoryboardFile = Main;
				INFOPLIST_KEY_UISupportedInterfaceOrientations_iPad = "UIInterfaceOrientationPortrait UIInterfaceOrientationPortraitUpsideDown UIInterfaceOrientationLandscapeLeft UIInterfaceOrientationLandscapeRight";
				INFOPLIST_KEY_UISupportedInterfaceOrientations_iPhone = "UIInterfaceOrientationPortrait UIInterfaceOrientationLandscapeLeft UIInterfaceOrientationLandscapeRight";
				LD_RUNPATH_SEARCH_PATHS = (
					"$(inherited)",
					"@executable_path/Frameworks",
				);
				MARKETING_VERSION = 1.0;
				PRODUCT_BUNDLE_IDENTIFIER = TryAdd.Light;
				PRODUCT_NAME = "$(TARGET_NAME)";
				SWIFT_EMIT_LOC_STRINGS = YES;
				SWIFT_VERSION = 5.0;
				TARGETED_DEVICE_FAMILY = "1,2";
			};
			name = Release;
		};
		678925142A1BD1C50024CD7E /* Debug */ = {
			isa = XCBuildConfiguration;
			buildSettings = {
				ALWAYS_EMBED_SWIFT_STANDARD_LIBRARIES = YES;
				BUNDLE_LOADER = "$(TEST_HOST)";
				CODE_SIGN_STYLE = Automatic;
				CURRENT_PROJECT_VERSION = 1;
				GENERATE_INFOPLIST_FILE = YES;
				IPHONEOS_DEPLOYMENT_TARGET = 16.4;
				MARKETING_VERSION = 1.0;
				PRODUCT_BUNDLE_IDENTIFIER = TryAdd.LightTests;
				PRODUCT_NAME = "$(TARGET_NAME)";
				SWIFT_EMIT_LOC_STRINGS = NO;
				SWIFT_VERSION = 5.0;
				TARGETED_DEVICE_FAMILY = "1,2";
				TEST_HOST = "$(BUILT_PRODUCTS_DIR)/Light.app/$(BUNDLE_EXECUTABLE_FOLDER_PATH)/Light";
			};
			name = Debug;
		};
		678925152A1BD1C50024CD7E /* Release */ = {
			isa = XCBuildConfiguration;
			buildSettings = {
				ALWAYS_EMBED_SWIFT_STANDARD_LIBRARIES = YES;
				BUNDLE_LOADER = "$(TEST_HOST)";
				CODE_SIGN_STYLE = Automatic;
				CURRENT_PROJECT_VERSION = 1;
				GENERATE_INFOPLIST_FILE = YES;
				IPHONEOS_DEPLOYMENT_TARGET = 16.4;
				MARKETING_VERSION = 1.0;
				PRODUCT_BUNDLE_IDENTIFIER = TryAdd.LightTests;
				PRODUCT_NAME = "$(TARGET_NAME)";
				SWIFT_EMIT_LOC_STRINGS = NO;
				SWIFT_VERSION = 5.0;
				TARGETED_DEVICE_FAMILY = "1,2";
				TEST_HOST = "$(BUILT_PRODUCTS_DIR)/Light.app/$(BUNDLE_EXECUTABLE_FOLDER_PATH)/Light";
			};
			name = Release;
		};
		678925172A1BD1C50024CD7E /* Debug */ = {
			isa = XCBuildConfiguration;
			buildSettings = {
				ALWAYS_EMBED_SWIFT_STANDARD_LIBRARIES = YES;
				CODE_SIGN_STYLE = Automatic;
				CURRENT_PROJECT_VERSION = 1;
				GENERATE_INFOPLIST_FILE = YES;
				MARKETING_VERSION = 1.0;
				PRODUCT_BUNDLE_IDENTIFIER = TryAdd.LightUITests;
				PRODUCT_NAME = "$(TARGET_NAME)";
				SWIFT_EMIT_LOC_STRINGS = NO;
				SWIFT_VERSION = 5.0;
				TARGETED_DEVICE_FAMILY = "1,2";
				TEST_TARGET_NAME = Light;
			};
			name = Debug;
		};
		678925182A1BD1C50024CD7E /* Release */ = {
			isa = XCBuildConfiguration;
			buildSettings = {
				ALWAYS_EMBED_SWIFT_STANDARD_LIBRARIES = YES;
				CODE_SIGN_STYLE = Automatic;
				CURRENT_PROJECT_VERSION = 1;
				GENERATE_INFOPLIST_FILE = YES;
				MARKETING_VERSION = 1.0;
				PRODUCT_BUNDLE_IDENTIFIER = TryAdd.LightUITests;
				PRODUCT_NAME = "$(TARGET_NAME)";
				SWIFT_EMIT_LOC_STRINGS = NO;
				SWIFT_VERSION = 5.0;
				TARGETED_DEVICE_FAMILY = "1,2";
				TEST_TARGET_NAME = Light;
			};
			name = Release;
		};
/* End XCBuildConfiguration section */

/* Begin XCConfigurationList section */
		678924E12A1BD1C40024CD7E /* Build configuration list for PBXProject "Light" */ = {
			isa = XCConfigurationList;
			buildConfigurations = (
				6789250E2A1BD1C50024CD7E /* Debug */,
				6789250F2A1BD1C50024CD7E /* Release */,
			);
			defaultConfigurationIsVisible = 0;
			defaultConfigurationName = Release;
		};
		678925102A1BD1C50024CD7E /* Build configuration list for PBXNativeTarget "Light" */ = {
			isa = XCConfigurationList;
			buildConfigurations = (
				678925112A1BD1C50024CD7E /* Debug */,
				678925122A1BD1C50024CD7E /* Release */,
			);
			defaultConfigurationIsVisible = 0;
			defaultConfigurationName = Release;
		};
		678925132A1BD1C50024CD7E /* Build configuration list for PBXNativeTarget "LightTests" */ = {
			isa = XCConfigurationList;
			buildConfigurations = (
				678925142A1BD1C50024CD7E /* Debug */,
				678925152A1BD1C50024CD7E /* Release */,
			);
			defaultConfigurationIsVisible = 0;
			defaultConfigurationName = Release;
		};
		678925162A1BD1C50024CD7E /* Build configuration list for PBXNativeTarget "LightUITests" */ = {
			isa = XCConfigurationList;
			buildConfigurations = (
				678925172A1BD1C50024CD7E /* Debug */,
				678925182A1BD1C50024CD7E /* Release */,
			);
			defaultConfigurationIsVisible = 0;
			defaultConfigurationName = Release;
		};
/* End XCConfigurationList section */
	};
	rootObject = 678924DE2A1BD1C40024CD7E /* Project object */;
}
