// !$*UTF8*$!
{
	archiveVersion = 1;
	classes = {
	};
	objectVersion = 56;
	objects = {

/* Begin PBXBuildFile section */
		67C6678B2A3609D100A5ADFE /* AppDelegate.swift in Sources */ = {isa = PBXBuildFile; fileRef = 67C6678A2A3609D100A5ADFE /* AppDelegate.swift */; };
		67C6678D2A3609D100A5ADFE /* SceneDelegate.swift in Sources */ = {isa = PBXBuildFile; fileRef = 67C6678C2A3609D100A5ADFE /* SceneDelegate.swift */; };
		67C6678F2A3609D100A5ADFE /* ViewController.swift in Sources */ = {isa = PBXBuildFile; fileRef = 67C6678E2A3609D100A5ADFE /* ViewController.swift */; };
		67C667922A3609D100A5ADFE /* Main.storyboard in Resources */ = {isa = PBXBuildFile; fileRef = 67C667902A3609D100A5ADFE /* Main.storyboard */; };
		67C667942A3609D200A5ADFE /* Assets.xcassets in Resources */ = {isa = PBXBuildFile; fileRef = 67C667932A3609D200A5ADFE /* Assets.xcassets */; };
		67C667972A3609D200A5ADFE /* LaunchScreen.storyboard in Resources */ = {isa = PBXBuildFile; fileRef = 67C667952A3609D200A5ADFE /* LaunchScreen.storyboard */; };
		67C667A22A3609D200A5ADFE /* LifeCycleTests.swift in Sources */ = {isa = PBXBuildFile; fileRef = 67C667A12A3609D200A5ADFE /* LifeCycleTests.swift */; };
		67C667AC2A3609D200A5ADFE /* LifeCycleUITests.swift in Sources */ = {isa = PBXBuildFile; fileRef = 67C667AB2A3609D200A5ADFE /* LifeCycleUITests.swift */; };
		67C667AE2A3609D200A5ADFE /* LifeCycleUITestsLaunchTests.swift in Sources */ = {isa = PBXBuildFile; fileRef = 67C667AD2A3609D200A5ADFE /* LifeCycleUITestsLaunchTests.swift */; };
		67C667BB2A360E4F00A5ADFE /* SecondViewController.swift in Sources */ = {isa = PBXBuildFile; fileRef = 67C667BA2A360E4F00A5ADFE /* SecondViewController.swift */; };
/* End PBXBuildFile section */

/* Begin PBXContainerItemProxy section */
		67C6679E2A3609D200A5ADFE /* PBXContainerItemProxy */ = {
			isa = PBXContainerItemProxy;
			containerPortal = 67C6677F2A3609D100A5ADFE /* Project object */;
			proxyType = 1;
			remoteGlobalIDString = 67C667862A3609D100A5ADFE;
			remoteInfo = LifeCycle;
		};
		67C667A82A3609D200A5ADFE /* PBXContainerItemProxy */ = {
			isa = PBXContainerItemProxy;
			containerPortal = 67C6677F2A3609D100A5ADFE /* Project object */;
			proxyType = 1;
			remoteGlobalIDString = 67C667862A3609D100A5ADFE;
			remoteInfo = LifeCycle;
		};
/* End PBXContainerItemProxy section */

/* Begin PBXFileReference section */
		67C667872A3609D100A5ADFE /* LifeCycle.app */ = {isa = PBXFileReference; explicitFileType = wrapper.application; includeInIndex = 0; path = LifeCycle.app; sourceTree = BUILT_PRODUCTS_DIR; };
		67C6678A2A3609D100A5ADFE /* AppDelegate.swift */ = {isa = PBXFileReference; lastKnownFileType = sourcecode.swift; path = AppDelegate.swift; sourceTree = "<group>"; };
		67C6678C2A3609D100A5ADFE /* SceneDelegate.swift */ = {isa = PBXFileReference; lastKnownFileType = sourcecode.swift; path = SceneDelegate.swift; sourceTree = "<group>"; };
		67C6678E2A3609D100A5ADFE /* ViewController.swift */ = {isa = PBXFileReference; lastKnownFileType = sourcecode.swift; path = ViewController.swift; sourceTree = "<group>"; };
		67C667912A3609D100A5ADFE /* Base */ = {isa = PBXFileReference; lastKnownFileType = file.storyboard; name = Base; path = Base.lproj/Main.storyboard; sourceTree = "<group>"; };
		67C667932A3609D200A5ADFE /* Assets.xcassets */ = {isa = PBXFileReference; lastKnownFileType = folder.assetcatalog; path = Assets.xcassets; sourceTree = "<group>"; };
		67C667962A3609D200A5ADFE /* Base */ = {isa = PBXFileReference; lastKnownFileType = file.storyboard; name = Base; path = Base.lproj/LaunchScreen.storyboard; sourceTree = "<group>"; };
		67C667982A3609D200A5ADFE /* Info.plist */ = {isa = PBXFileReference; lastKnownFileType = text.plist.xml; path = Info.plist; sourceTree = "<group>"; };
		67C6679D2A3609D200A5ADFE /* LifeCycleTests.xctest */ = {isa = PBXFileReference; explicitFileType = wrapper.cfbundle; includeInIndex = 0; path = LifeCycleTests.xctest; sourceTree = BUILT_PRODUCTS_DIR; };
		67C667A12A3609D200A5ADFE /* LifeCycleTests.swift */ = {isa = PBXFileReference; lastKnownFileType = sourcecode.swift; path = LifeCycleTests.swift; sourceTree = "<group>"; };
		67C667A72A3609D200A5ADFE /* LifeCycleUITests.xctest */ = {isa = PBXFileReference; explicitFileType = wrapper.cfbundle; includeInIndex = 0; path = LifeCycleUITests.xctest; sourceTree = BUILT_PRODUCTS_DIR; };
		67C667AB2A3609D200A5ADFE /* LifeCycleUITests.swift */ = {isa = PBXFileReference; lastKnownFileType = sourcecode.swift; path = LifeCycleUITests.swift; sourceTree = "<group>"; };
		67C667AD2A3609D200A5ADFE /* LifeCycleUITestsLaunchTests.swift */ = {isa = PBXFileReference; lastKnownFileType = sourcecode.swift; path = LifeCycleUITestsLaunchTests.swift; sourceTree = "<group>"; };
		67C667BA2A360E4F00A5ADFE /* SecondViewController.swift */ = {isa = PBXFileReference; lastKnownFileType = sourcecode.swift; path = SecondViewController.swift; sourceTree = "<group>"; };
/* End PBXFileReference section */

/* Begin PBXFrameworksBuildPhase section */
		67C667842A3609D100A5ADFE /* Frameworks */ = {
			isa = PBXFrameworksBuildPhase;
			buildActionMask = 2147483647;
			files = (
			);
			runOnlyForDeploymentPostprocessing = 0;
		};
		67C6679A2A3609D200A5ADFE /* Frameworks */ = {
			isa = PBXFrameworksBuildPhase;
			buildActionMask = 2147483647;
			files = (
			);
			runOnlyForDeploymentPostprocessing = 0;
		};
		67C667A42A3609D200A5ADFE /* Frameworks */ = {
			isa = PBXFrameworksBuildPhase;
			buildActionMask = 2147483647;
			files = (
			);
			runOnlyForDeploymentPostprocessing = 0;
		};
/* End PBXFrameworksBuildPhase section */

/* Begin PBXGroup section */
		67C6677E2A3609D100A5ADFE = {
			isa = PBXGroup;
			children = (
				67C667892A3609D100A5ADFE /* LifeCycle */,
				67C667A02A3609D200A5ADFE /* LifeCycleTests */,
				67C667AA2A3609D200A5ADFE /* LifeCycleUITests */,
				67C667882A3609D100A5ADFE /* Products */,
			);
			sourceTree = "<group>";
		};
		67C667882A3609D100A5ADFE /* Products */ = {
			isa = PBXGroup;
			children = (
				67C667872A3609D100A5ADFE /* LifeCycle.app */,
				67C6679D2A3609D200A5ADFE /* LifeCycleTests.xctest */,
				67C667A72A3609D200A5ADFE /* LifeCycleUITests.xctest */,
			);
			name = Products;
			sourceTree = "<group>";
		};
		67C667892A3609D100A5ADFE /* LifeCycle */ = {
			isa = PBXGroup;
			children = (
				67C6678A2A3609D100A5ADFE /* AppDelegate.swift */,
				67C6678C2A3609D100A5ADFE /* SceneDelegate.swift */,
				67C6678E2A3609D100A5ADFE /* ViewController.swift */,
				67C667902A3609D100A5ADFE /* Main.storyboard */,
				67C667BA2A360E4F00A5ADFE /* SecondViewController.swift */,
				67C667932A3609D200A5ADFE /* Assets.xcassets */,
				67C667952A3609D200A5ADFE /* LaunchScreen.storyboard */,
				67C667982A3609D200A5ADFE /* Info.plist */,
			);
			path = LifeCycle;
			sourceTree = "<group>";
		};
		67C667A02A3609D200A5ADFE /* LifeCycleTests */ = {
			isa = PBXGroup;
			children = (
				67C667A12A3609D200A5ADFE /* LifeCycleTests.swift */,
			);
			path = LifeCycleTests;
			sourceTree = "<group>";
		};
		67C667AA2A3609D200A5ADFE /* LifeCycleUITests */ = {
			isa = PBXGroup;
			children = (
				67C667AB2A3609D200A5ADFE /* LifeCycleUITests.swift */,
				67C667AD2A3609D200A5ADFE /* LifeCycleUITestsLaunchTests.swift */,
			);
			path = LifeCycleUITests;
			sourceTree = "<group>";
		};
/* End PBXGroup section */

/* Begin PBXNativeTarget section */
		67C667862A3609D100A5ADFE /* LifeCycle */ = {
			isa = PBXNativeTarget;
			buildConfigurationList = 67C667B12A3609D200A5ADFE /* Build configuration list for PBXNativeTarget "LifeCycle" */;
			buildPhases = (
				67C667832A3609D100A5ADFE /* Sources */,
				67C667842A3609D100A5ADFE /* Frameworks */,
				67C667852A3609D100A5ADFE /* Resources */,
			);
			buildRules = (
			);
			dependencies = (
			);
			name = LifeCycle;
			productName = LifeCycle;
			productReference = 67C667872A3609D100A5ADFE /* LifeCycle.app */;
			productType = "com.apple.product-type.application";
		};
		67C6679C2A3609D200A5ADFE /* LifeCycleTests */ = {
			isa = PBXNativeTarget;
			buildConfigurationList = 67C667B42A3609D200A5ADFE /* Build configuration list for PBXNativeTarget "LifeCycleTests" */;
			buildPhases = (
				67C667992A3609D200A5ADFE /* Sources */,
				67C6679A2A3609D200A5ADFE /* Frameworks */,
				67C6679B2A3609D200A5ADFE /* Resources */,
			);
			buildRules = (
			);
			dependencies = (
				67C6679F2A3609D200A5ADFE /* PBXTargetDependency */,
			);
			name = LifeCycleTests;
			productName = LifeCycleTests;
			productReference = 67C6679D2A3609D200A5ADFE /* LifeCycleTests.xctest */;
			productType = "com.apple.product-type.bundle.unit-test";
		};
		67C667A62A3609D200A5ADFE /* LifeCycleUITests */ = {
			isa = PBXNativeTarget;
			buildConfigurationList = 67C667B72A3609D200A5ADFE /* Build configuration list for PBXNativeTarget "LifeCycleUITests" */;
			buildPhases = (
				67C667A32A3609D200A5ADFE /* Sources */,
				67C667A42A3609D200A5ADFE /* Frameworks */,
				67C667A52A3609D200A5ADFE /* Resources */,
			);
			buildRules = (
			);
			dependencies = (
				67C667A92A3609D200A5ADFE /* PBXTargetDependency */,
			);
			name = LifeCycleUITests;
			productName = LifeCycleUITests;
			productReference = 67C667A72A3609D200A5ADFE /* LifeCycleUITests.xctest */;
			productType = "com.apple.product-type.bundle.ui-testing";
		};
/* End PBXNativeTarget section */

/* Begin PBXProject section */
		67C6677F2A3609D100A5ADFE /* Project object */ = {
			isa = PBXProject;
			attributes = {
				BuildIndependentTargetsInParallel = 1;
				LastSwiftUpdateCheck = 1430;
				LastUpgradeCheck = 1430;
				TargetAttributes = {
					67C667862A3609D100A5ADFE = {
						CreatedOnToolsVersion = 14.3;
					};
					67C6679C2A3609D200A5ADFE = {
						CreatedOnToolsVersion = 14.3;
						TestTargetID = 67C667862A3609D100A5ADFE;
					};
					67C667A62A3609D200A5ADFE = {
						CreatedOnToolsVersion = 14.3;
						TestTargetID = 67C667862A3609D100A5ADFE;
					};
				};
			};
			buildConfigurationList = 67C667822A3609D100A5ADFE /* Build configuration list for PBXProject "LifeCycle" */;
			compatibilityVersion = "Xcode 14.0";
			developmentRegion = en;
			hasScannedForEncodings = 0;
			knownRegions = (
				en,
				Base,
			);
			mainGroup = 67C6677E2A3609D100A5ADFE;
			productRefGroup = 67C667882A3609D100A5ADFE /* Products */;
			projectDirPath = "";
			projectRoot = "";
			targets = (
				67C667862A3609D100A5ADFE /* LifeCycle */,
				67C6679C2A3609D200A5ADFE /* LifeCycleTests */,
				67C667A62A3609D200A5ADFE /* LifeCycleUITests */,
			);
		};
/* End PBXProject section */

/* Begin PBXResourcesBuildPhase section */
		67C667852A3609D100A5ADFE /* Resources */ = {
			isa = PBXResourcesBuildPhase;
			buildActionMask = 2147483647;
			files = (
				67C667972A3609D200A5ADFE /* LaunchScreen.storyboard in Resources */,
				67C667942A3609D200A5ADFE /* Assets.xcassets in Resources */,
				67C667922A3609D100A5ADFE /* Main.storyboard in Resources */,
			);
			runOnlyForDeploymentPostprocessing = 0;
		};
		67C6679B2A3609D200A5ADFE /* Resources */ = {
			isa = PBXResourcesBuildPhase;
			buildActionMask = 2147483647;
			files = (
			);
			runOnlyForDeploymentPostprocessing = 0;
		};
		67C667A52A3609D200A5ADFE /* Resources */ = {
			isa = PBXResourcesBuildPhase;
			buildActionMask = 2147483647;
			files = (
			);
			runOnlyForDeploymentPostprocessing = 0;
		};
/* End PBXResourcesBuildPhase section */

/* Begin PBXSourcesBuildPhase section */
		67C667832A3609D100A5ADFE /* Sources */ = {
			isa = PBXSourcesBuildPhase;
			buildActionMask = 2147483647;
			files = (
				67C667BB2A360E4F00A5ADFE /* SecondViewController.swift in Sources */,
				67C6678F2A3609D100A5ADFE /* ViewController.swift in Sources */,
				67C6678B2A3609D100A5ADFE /* AppDelegate.swift in Sources */,
				67C6678D2A3609D100A5ADFE /* SceneDelegate.swift in Sources */,
			);
			runOnlyForDeploymentPostprocessing = 0;
		};
		67C667992A3609D200A5ADFE /* Sources */ = {
			isa = PBXSourcesBuildPhase;
			buildActionMask = 2147483647;
			files = (
				67C667A22A3609D200A5ADFE /* LifeCycleTests.swift in Sources */,
			);
			runOnlyForDeploymentPostprocessing = 0;
		};
		67C667A32A3609D200A5ADFE /* Sources */ = {
			isa = PBXSourcesBuildPhase;
			buildActionMask = 2147483647;
			files = (
				67C667AC2A3609D200A5ADFE /* LifeCycleUITests.swift in Sources */,
				67C667AE2A3609D200A5ADFE /* LifeCycleUITestsLaunchTests.swift in Sources */,
			);
			runOnlyForDeploymentPostprocessing = 0;
		};
/* End PBXSourcesBuildPhase section */

/* Begin PBXTargetDependency section */
		67C6679F2A3609D200A5ADFE /* PBXTargetDependency */ = {
			isa = PBXTargetDependency;
			target = 67C667862A3609D100A5ADFE /* LifeCycle */;
			targetProxy = 67C6679E2A3609D200A5ADFE /* PBXContainerItemProxy */;
		};
		67C667A92A3609D200A5ADFE /* PBXTargetDependency */ = {
			isa = PBXTargetDependency;
			target = 67C667862A3609D100A5ADFE /* LifeCycle */;
			targetProxy = 67C667A82A3609D200A5ADFE /* PBXContainerItemProxy */;
		};
/* End PBXTargetDependency section */

/* Begin PBXVariantGroup section */
		67C667902A3609D100A5ADFE /* Main.storyboard */ = {
			isa = PBXVariantGroup;
			children = (
				67C667912A3609D100A5ADFE /* Base */,
			);
			name = Main.storyboard;
			sourceTree = "<group>";
		};
		67C667952A3609D200A5ADFE /* LaunchScreen.storyboard */ = {
			isa = PBXVariantGroup;
			children = (
				67C667962A3609D200A5ADFE /* Base */,
			);
			name = LaunchScreen.storyboard;
			sourceTree = "<group>";
		};
/* End PBXVariantGroup section */

/* Begin XCBuildConfiguration section */
		67C667AF2A3609D200A5ADFE /* Debug */ = {
			isa = XCBuildConfiguration;
			buildSettings = {
				ALWAYS_SEARCH_USER_PATHS = NO;
				CLANG_ANALYZER_NONNULL = YES;
				CLANG_ANALYZER_NUMBER_OBJECT_CONVERSION = YES_AGGRESSIVE;
				CLANG_CXX_LANGUAGE_STANDARD = "gnu++20";
				CLANG_ENABLE_MODULES = YES;
				CLANG_ENABLE_OBJC_ARC = YES;
				CLANG_ENABLE_OBJC_WEAK = YES;
				CLANG_WARN_BLOCK_CAPTURE_AUTORELEASING = YES;
				CLANG_WARN_BOOL_CONVERSION = YES;
				CLANG_WARN_COMMA = YES;
				CLANG_WARN_CONSTANT_CONVERSION = YES;
				CLANG_WARN_DEPRECATED_OBJC_IMPLEMENTATIONS = YES;
				CLANG_WARN_DIRECT_OBJC_ISA_USAGE = YES_ERROR;
				CLANG_WARN_DOCUMENTATION_COMMENTS = YES;
				CLANG_WARN_EMPTY_BODY = YES;
				CLANG_WARN_ENUM_CONVERSION = YES;
				CLANG_WARN_INFINITE_RECURSION = YES;
				CLANG_WARN_INT_CONVERSION = YES;
				CLANG_WARN_NON_LITERAL_NULL_CONVERSION = YES;
				CLANG_WARN_OBJC_IMPLICIT_RETAIN_SELF = YES;
				CLANG_WARN_OBJC_LITERAL_CONVERSION = YES;
				CLANG_WARN_OBJC_ROOT_CLASS = YES_ERROR;
				CLANG_WARN_QUOTED_INCLUDE_IN_FRAMEWORK_HEADER = YES;
				CLANG_WARN_RANGE_LOOP_ANALYSIS = YES;
				CLANG_WARN_STRICT_PROTOTYPES = YES;
				CLANG_WARN_SUSPICIOUS_MOVE = YES;
				CLANG_WARN_UNGUARDED_AVAILABILITY = YES_AGGRESSIVE;
				CLANG_WARN_UNREACHABLE_CODE = YES;
				CLANG_WARN__DUPLICATE_METHOD_MATCH = YES;
				COPY_PHASE_STRIP = NO;
				DEBUG_INFORMATION_FORMAT = dwarf;
				ENABLE_STRICT_OBJC_MSGSEND = YES;
				ENABLE_TESTABILITY = YES;
				GCC_C_LANGUAGE_STANDARD = gnu11;
				GCC_DYNAMIC_NO_PIC = NO;
				GCC_NO_COMMON_BLOCKS = YES;
				GCC_OPTIMIZATION_LEVEL = 0;
				GCC_PREPROCESSOR_DEFINITIONS = (
					"DEBUG=1",
					"$(inherited)",
				);
				GCC_WARN_64_TO_32_BIT_CONVERSION = YES;
				GCC_WARN_ABOUT_RETURN_TYPE = YES_ERROR;
				GCC_WARN_UNDECLARED_SELECTOR = YES;
				GCC_WARN_UNINITIALIZED_AUTOS = YES_AGGRESSIVE;
				GCC_WARN_UNUSED_FUNCTION = YES;
				GCC_WARN_UNUSED_VARIABLE = YES;
				IPHONEOS_DEPLOYMENT_TARGET = 16.4;
				MTL_ENABLE_DEBUG_INFO = INCLUDE_SOURCE;
				MTL_FAST_MATH = YES;
				ONLY_ACTIVE_ARCH = YES;
				SDKROOT = iphoneos;
				SWIFT_ACTIVE_COMPILATION_CONDITIONS = DEBUG;
				SWIFT_OPTIMIZATION_LEVEL = "-Onone";
			};
			name = Debug;
		};
		67C667B02A3609D200A5ADFE /* Release */ = {
			isa = XCBuildConfiguration;
			buildSettings = {
				ALWAYS_SEARCH_USER_PATHS = NO;
				CLANG_ANALYZER_NONNULL = YES;
				CLANG_ANALYZER_NUMBER_OBJECT_CONVERSION = YES_AGGRESSIVE;
				CLANG_CXX_LANGUAGE_STANDARD = "gnu++20";
				CLANG_ENABLE_MODULES = YES;
				CLANG_ENABLE_OBJC_ARC = YES;
				CLANG_ENABLE_OBJC_WEAK = YES;
				CLANG_WARN_BLOCK_CAPTURE_AUTORELEASING = YES;
				CLANG_WARN_BOOL_CONVERSION = YES;
				CLANG_WARN_COMMA = YES;
				CLANG_WARN_CONSTANT_CONVERSION = YES;
				CLANG_WARN_DEPRECATED_OBJC_IMPLEMENTATIONS = YES;
				CLANG_WARN_DIRECT_OBJC_ISA_USAGE = YES_ERROR;
				CLANG_WARN_DOCUMENTATION_COMMENTS = YES;
				CLANG_WARN_EMPTY_BODY = YES;
				CLANG_WARN_ENUM_CONVERSION = YES;
				CLANG_WARN_INFINITE_RECURSION = YES;
				CLANG_WARN_INT_CONVERSION = YES;
				CLANG_WARN_NON_LITERAL_NULL_CONVERSION = YES;
				CLANG_WARN_OBJC_IMPLICIT_RETAIN_SELF = YES;
				CLANG_WARN_OBJC_LITERAL_CONVERSION = YES;
				CLANG_WARN_OBJC_ROOT_CLASS = YES_ERROR;
				CLANG_WARN_QUOTED_INCLUDE_IN_FRAMEWORK_HEADER = YES;
				CLANG_WARN_RANGE_LOOP_ANALYSIS = YES;
				CLANG_WARN_STRICT_PROTOTYPES = YES;
				CLANG_WARN_SUSPICIOUS_MOVE = YES;
				CLANG_WARN_UNGUARDED_AVAILABILITY = YES_AGGRESSIVE;
				CLANG_WARN_UNREACHABLE_CODE = YES;
				CLANG_WARN__DUPLICATE_METHOD_MATCH = YES;
				COPY_PHASE_STRIP = NO;
				DEBUG_INFORMATION_FORMAT = "dwarf-with-dsym";
				ENABLE_NS_ASSERTIONS = NO;
				ENABLE_STRICT_OBJC_MSGSEND = YES;
				GCC_C_LANGUAGE_STANDARD = gnu11;
				GCC_NO_COMMON_BLOCKS = YES;
				GCC_WARN_64_TO_32_BIT_CONVERSION = YES;
				GCC_WARN_ABOUT_RETURN_TYPE = YES_ERROR;
				GCC_WARN_UNDECLARED_SELECTOR = YES;
				GCC_WARN_UNINITIALIZED_AUTOS = YES_AGGRESSIVE;
				GCC_WARN_UNUSED_FUNCTION = YES;
				GCC_WARN_UNUSED_VARIABLE = YES;
				IPHONEOS_DEPLOYMENT_TARGET = 16.4;
				MTL_ENABLE_DEBUG_INFO = NO;
				MTL_FAST_MATH = YES;
				SDKROOT = iphoneos;
				SWIFT_COMPILATION_MODE = wholemodule;
				SWIFT_OPTIMIZATION_LEVEL = "-O";
				VALIDATE_PRODUCT = YES;
			};
			name = Release;
		};
		67C667B22A3609D200A5ADFE /* Debug */ = {
			isa = XCBuildConfiguration;
			buildSettings = {
				ASSETCATALOG_COMPILER_APPICON_NAME = AppIcon;
				ASSETCATALOG_COMPILER_GLOBAL_ACCENT_COLOR_NAME = AccentColor;
				CODE_SIGN_STYLE = Automatic;
				CURRENT_PROJECT_VERSION = 1;
				GENERATE_INFOPLIST_FILE = YES;
				INFOPLIST_FILE = LifeCycle/Info.plist;
				INFOPLIST_KEY_UIApplicationSupportsIndirectInputEvents = YES;
				INFOPLIST_KEY_UILaunchStoryboardName = LaunchScreen;
				INFOPLIST_KEY_UIMainStoryboardFile = Main;
				INFOPLIST_KEY_UISupportedInterfaceOrientations_iPad = "UIInterfaceOrientationPortrait UIInterfaceOrientationPortraitUpsideDown UIInterfaceOrientationLandscapeLeft UIInterfaceOrientationLandscapeRight";
				INFOPLIST_KEY_UISupportedInterfaceOrientations_iPhone = "UIInterfaceOrientationPortrait UIInterfaceOrientationLandscapeLeft UIInterfaceOrientationLandscapeRight";
				LD_RUNPATH_SEARCH_PATHS = (
					"$(inherited)",
					"@executable_path/Frameworks",
				);
				MARKETING_VERSION = 1.0;
				PRODUCT_BUNDLE_IDENTIFIER = TryAdd.LifeCycle;
				PRODUCT_NAME = "$(TARGET_NAME)";
				SWIFT_EMIT_LOC_STRINGS = YES;
				SWIFT_VERSION = 5.0;
				TARGETED_DEVICE_FAMILY = "1,2";
			};
			name = Debug;
		};
		67C667B32A3609D200A5ADFE /* Release */ = {
			isa = XCBuildConfiguration;
			buildSettings = {
				ASSETCATALOG_COMPILER_APPICON_NAME = AppIcon;
				ASSETCATALOG_COMPILER_GLOBAL_ACCENT_COLOR_NAME = AccentColor;
				CODE_SIGN_STYLE = Automatic;
				CURRENT_PROJECT_VERSION = 1;
				GENERATE_INFOPLIST_FILE = YES;
				INFOPLIST_FILE = LifeCycle/Info.plist;
				INFOPLIST_KEY_UIApplicationSupportsIndirectInputEvents = YES;
				INFOPLIST_KEY_UILaunchStoryboardName = LaunchScreen;
				INFOPLIST_KEY_UIMainStoryboardFile = Main;
				INFOPLIST_KEY_UISupportedInterfaceOrientations_iPad = "UIInterfaceOrientationPortrait UIInterfaceOrientationPortraitUpsideDown UIInterfaceOrientationLandscapeLeft UIInterfaceOrientationLandscapeRight";
				INFOPLIST_KEY_UISupportedInterfaceOrientations_iPhone = "UIInterfaceOrientationPortrait UIInterfaceOrientationLandscapeLeft UIInterfaceOrientationLandscapeRight";
				LD_RUNPATH_SEARCH_PATHS = (
					"$(inherited)",
					"@executable_path/Frameworks",
				);
				MARKETING_VERSION = 1.0;
				PRODUCT_BUNDLE_IDENTIFIER = TryAdd.LifeCycle;
				PRODUCT_NAME = "$(TARGET_NAME)";
				SWIFT_EMIT_LOC_STRINGS = YES;
				SWIFT_VERSION = 5.0;
				TARGETED_DEVICE_FAMILY = "1,2";
			};
			name = Release;
		};
		67C667B52A3609D200A5ADFE /* Debug */ = {
			isa = XCBuildConfiguration;
			buildSettings = {
				ALWAYS_EMBED_SWIFT_STANDARD_LIBRARIES = YES;
				BUNDLE_LOADER = "$(TEST_HOST)";
				CODE_SIGN_STYLE = Automatic;
				CURRENT_PROJECT_VERSION = 1;
				GENERATE_INFOPLIST_FILE = YES;
				IPHONEOS_DEPLOYMENT_TARGET = 16.4;
				MARKETING_VERSION = 1.0;
				PRODUCT_BUNDLE_IDENTIFIER = TryAdd.LifeCycleTests;
				PRODUCT_NAME = "$(TARGET_NAME)";
				SWIFT_EMIT_LOC_STRINGS = NO;
				SWIFT_VERSION = 5.0;
				TARGETED_DEVICE_FAMILY = "1,2";
				TEST_HOST = "$(BUILT_PRODUCTS_DIR)/LifeCycle.app/$(BUNDLE_EXECUTABLE_FOLDER_PATH)/LifeCycle";
			};
			name = Debug;
		};
		67C667B62A3609D200A5ADFE /* Release */ = {
			isa = XCBuildConfiguration;
			buildSettings = {
				ALWAYS_EMBED_SWIFT_STANDARD_LIBRARIES = YES;
				BUNDLE_LOADER = "$(TEST_HOST)";
				CODE_SIGN_STYLE = Automatic;
				CURRENT_PROJECT_VERSION = 1;
				GENERATE_INFOPLIST_FILE = YES;
				IPHONEOS_DEPLOYMENT_TARGET = 16.4;
				MARKETING_VERSION = 1.0;
				PRODUCT_BUNDLE_IDENTIFIER = TryAdd.LifeCycleTests;
				PRODUCT_NAME = "$(TARGET_NAME)";
				SWIFT_EMIT_LOC_STRINGS = NO;
				SWIFT_VERSION = 5.0;
				TARGETED_DEVICE_FAMILY = "1,2";
				TEST_HOST = "$(BUILT_PRODUCTS_DIR)/LifeCycle.app/$(BUNDLE_EXECUTABLE_FOLDER_PATH)/LifeCycle";
			};
			name = Release;
		};
		67C667B82A3609D200A5ADFE /* Debug */ = {
			isa = XCBuildConfiguration;
			buildSettings = {
				ALWAYS_EMBED_SWIFT_STANDARD_LIBRARIES = YES;
				CODE_SIGN_STYLE = Automatic;
				CURRENT_PROJECT_VERSION = 1;
				GENERATE_INFOPLIST_FILE = YES;
				MARKETING_VERSION = 1.0;
				PRODUCT_BUNDLE_IDENTIFIER = TryAdd.LifeCycleUITests;
				PRODUCT_NAME = "$(TARGET_NAME)";
				SWIFT_EMIT_LOC_STRINGS = NO;
				SWIFT_VERSION = 5.0;
				TARGETED_DEVICE_FAMILY = "1,2";
				TEST_TARGET_NAME = LifeCycle;
			};
			name = Debug;
		};
		67C667B92A3609D200A5ADFE /* Release */ = {
			isa = XCBuildConfiguration;
			buildSettings = {
				ALWAYS_EMBED_SWIFT_STANDARD_LIBRARIES = YES;
				CODE_SIGN_STYLE = Automatic;
				CURRENT_PROJECT_VERSION = 1;
				GENERATE_INFOPLIST_FILE = YES;
				MARKETING_VERSION = 1.0;
				PRODUCT_BUNDLE_IDENTIFIER = TryAdd.LifeCycleUITests;
				PRODUCT_NAME = "$(TARGET_NAME)";
				SWIFT_EMIT_LOC_STRINGS = NO;
				SWIFT_VERSION = 5.0;
				TARGETED_DEVICE_FAMILY = "1,2";
				TEST_TARGET_NAME = LifeCycle;
			};
			name = Release;
		};
/* End XCBuildConfiguration section */

/* Begin XCConfigurationList section */
		67C667822A3609D100A5ADFE /* Build configuration list for PBXProject "LifeCycle" */ = {
			isa = XCConfigurationList;
			buildConfigurations = (
				67C667AF2A3609D200A5ADFE /* Debug */,
				67C667B02A3609D200A5ADFE /* Release */,
			);
			defaultConfigurationIsVisible = 0;
			defaultConfigurationName = Release;
		};
		67C667B12A3609D200A5ADFE /* Build configuration list for PBXNativeTarget "LifeCycle" */ = {
			isa = XCConfigurationList;
			buildConfigurations = (
				67C667B22A3609D200A5ADFE /* Debug */,
				67C667B32A3609D200A5ADFE /* Release */,
			);
			defaultConfigurationIsVisible = 0;
			defaultConfigurationName = Release;
		};
		67C667B42A3609D200A5ADFE /* Build configuration list for PBXNativeTarget "LifeCycleTests" */ = {
			isa = XCConfigurationList;
			buildConfigurations = (
				67C667B52A3609D200A5ADFE /* Debug */,
				67C667B62A3609D200A5ADFE /* Release */,
			);
			defaultConfigurationIsVisible = 0;
			defaultConfigurationName = Release;
		};
		67C667B72A3609D200A5ADFE /* Build configuration list for PBXNativeTarget "LifeCycleUITests" */ = {
			isa = XCConfigurationList;
			buildConfigurations = (
				67C667B82A3609D200A5ADFE /* Debug */,
				67C667B92A3609D200A5ADFE /* Release */,
			);
			defaultConfigurationIsVisible = 0;
			defaultConfigurationName = Release;
		};
/* End XCConfigurationList section */
	};
	rootObject = 67C6677F2A3609D100A5ADFE /* Project object */;
}
