// !$*UTF8*$!
{
	archiveVersion = 1;
	classes = {
	};
	objectVersion = 56;
	objects = {

/* Begin PBXBuildFile section */
		6721B51D2A1ABDDC0044882D /* AppDelegate.swift in Sources */ = {isa = PBXBuildFile; fileRef = 6721B51C2A1ABDDC0044882D /* AppDelegate.swift */; };
		6721B51F2A1ABDDC0044882D /* SceneDelegate.swift in Sources */ = {isa = PBXBuildFile; fileRef = 6721B51E2A1ABDDC0044882D /* SceneDelegate.swift */; };
		6721B5212A1ABDDC0044882D /* ViewController.swift in Sources */ = {isa = PBXBuildFile; fileRef = 6721B5202A1ABDDC0044882D /* ViewController.swift */; };
		6721B5242A1ABDDC0044882D /* Main.storyboard in Resources */ = {isa = PBXBuildFile; fileRef = 6721B5222A1ABDDC0044882D /* Main.storyboard */; };
		6721B5292A1ABDDC0044882D /* LaunchScreen.storyboard in Resources */ = {isa = PBXBuildFile; fileRef = 6721B5272A1ABDDC0044882D /* LaunchScreen.storyboard */; };
		6721B5342A1ABDDD0044882D /* InterfaceBuilderBasicsTests.swift in Sources */ = {isa = PBXBuildFile; fileRef = 6721B5332A1ABDDD0044882D /* InterfaceBuilderBasicsTests.swift */; };
		6721B53E2A1ABDDD0044882D /* InterfaceBuilderBasicsUITests.swift in Sources */ = {isa = PBXBuildFile; fileRef = 6721B53D2A1ABDDD0044882D /* InterfaceBuilderBasicsUITests.swift */; };
		6721B5402A1ABDDD0044882D /* InterfaceBuilderBasicsUITestsLaunchTests.swift in Sources */ = {isa = PBXBuildFile; fileRef = 6721B53F2A1ABDDD0044882D /* InterfaceBuilderBasicsUITestsLaunchTests.swift */; };
/* End PBXBuildFile section */

/* Begin PBXContainerItemProxy section */
		6721B5302A1ABDDD0044882D /* PBXContainerItemProxy */ = {
			isa = PBXContainerItemProxy;
			containerPortal = 6721B5112A1ABDDC0044882D /* Project object */;
			proxyType = 1;
			remoteGlobalIDString = 6721B5182A1ABDDC0044882D;
			remoteInfo = InterfaceBuilderBasics;
		};
		6721B53A2A1ABDDD0044882D /* PBXContainerItemProxy */ = {
			isa = PBXContainerItemProxy;
			containerPortal = 6721B5112A1ABDDC0044882D /* Project object */;
			proxyType = 1;
			remoteGlobalIDString = 6721B5182A1ABDDC0044882D;
			remoteInfo = InterfaceBuilderBasics;
		};
/* End PBXContainerItemProxy section */

/* Begin PBXFileReference section */
		6721B5192A1ABDDC0044882D /* InterfaceBuilderBasics.app */ = {isa = PBXFileReference; explicitFileType = wrapper.application; includeInIndex = 0; path = InterfaceBuilderBasics.app; sourceTree = BUILT_PRODUCTS_DIR; };
		6721B51C2A1ABDDC0044882D /* AppDelegate.swift */ = {isa = PBXFileReference; lastKnownFileType = sourcecode.swift; path = AppDelegate.swift; sourceTree = "<group>"; };
		6721B51E2A1ABDDC0044882D /* SceneDelegate.swift */ = {isa = PBXFileReference; lastKnownFileType = sourcecode.swift; path = SceneDelegate.swift; sourceTree = "<group>"; };
		6721B5202A1ABDDC0044882D /* ViewController.swift */ = {isa = PBXFileReference; lastKnownFileType = sourcecode.swift; path = ViewController.swift; sourceTree = "<group>"; };
		6721B5232A1ABDDC0044882D /* Base */ = {isa = PBXFileReference; lastKnownFileType = file.storyboard; name = Base; path = Base.lproj/Main.storyboard; sourceTree = "<group>"; };
		6721B5282A1ABDDC0044882D /* Base */ = {isa = PBXFileReference; lastKnownFileType = file.storyboard; name = Base; path = Base.lproj/LaunchScreen.storyboard; sourceTree = "<group>"; };
		6721B52A2A1ABDDC0044882D /* Info.plist */ = {isa = PBXFileReference; lastKnownFileType = text.plist.xml; path = Info.plist; sourceTree = "<group>"; };
		6721B52F2A1ABDDD0044882D /* InterfaceBuilderBasicsTests.xctest */ = {isa = PBXFileReference; explicitFileType = wrapper.cfbundle; includeInIndex = 0; path = InterfaceBuilderBasicsTests.xctest; sourceTree = BUILT_PRODUCTS_DIR; };
		6721B5332A1ABDDD0044882D /* InterfaceBuilderBasicsTests.swift */ = {isa = PBXFileReference; lastKnownFileType = sourcecode.swift; path = InterfaceBuilderBasicsTests.swift; sourceTree = "<group>"; };
		6721B5392A1ABDDD0044882D /* InterfaceBuilderBasicsUITests.xctest */ = {isa = PBXFileReference; explicitFileType = wrapper.cfbundle; includeInIndex = 0; path = InterfaceBuilderBasicsUITests.xctest; sourceTree = BUILT_PRODUCTS_DIR; };
		6721B53D2A1ABDDD0044882D /* InterfaceBuilderBasicsUITests.swift */ = {isa = PBXFileReference; lastKnownFileType = sourcecode.swift; path = InterfaceBuilderBasicsUITests.swift; sourceTree = "<group>"; };
		6721B53F2A1ABDDD0044882D /* InterfaceBuilderBasicsUITestsLaunchTests.swift */ = {isa = PBXFileReference; lastKnownFileType = sourcecode.swift; path = InterfaceBuilderBasicsUITestsLaunchTests.swift; sourceTree = "<group>"; };
/* End PBXFileReference section */

/* Begin PBXFrameworksBuildPhase section */
		6721B5162A1ABDDC0044882D /* Frameworks */ = {
			isa = PBXFrameworksBuildPhase;
			buildActionMask = 2147483647;
			files = (
			);
			runOnlyForDeploymentPostprocessing = 0;
		};
		6721B52C2A1ABDDD0044882D /* Frameworks */ = {
			isa = PBXFrameworksBuildPhase;
			buildActionMask = 2147483647;
			files = (
			);
			runOnlyForDeploymentPostprocessing = 0;
		};
		6721B5362A1ABDDD0044882D /* Frameworks */ = {
			isa = PBXFrameworksBuildPhase;
			buildActionMask = 2147483647;
			files = (
			);
			runOnlyForDeploymentPostprocessing = 0;
		};
/* End PBXFrameworksBuildPhase section */

/* Begin PBXGroup section */
		6721B5102A1ABDDC0044882D = {
			isa = PBXGroup;
			children = (
				6721B51B2A1ABDDC0044882D /* InterfaceBuilderBasics */,
				6721B5322A1ABDDD0044882D /* InterfaceBuilderBasicsTests */,
				6721B53C2A1ABDDD0044882D /* InterfaceBuilderBasicsUITests */,
				6721B51A2A1ABDDC0044882D /* Products */,
			);
			sourceTree = "<group>";
		};
		6721B51A2A1ABDDC0044882D /* Products */ = {
			isa = PBXGroup;
			children = (
				6721B5192A1ABDDC0044882D /* InterfaceBuilderBasics.app */,
				6721B52F2A1ABDDD0044882D /* InterfaceBuilderBasicsTests.xctest */,
				6721B5392A1ABDDD0044882D /* InterfaceBuilderBasicsUITests.xctest */,
			);
			name = Products;
			sourceTree = "<group>";
		};
		6721B51B2A1ABDDC0044882D /* InterfaceBuilderBasics */ = {
			isa = PBXGroup;
			children = (
				6721B51C2A1ABDDC0044882D /* AppDelegate.swift */,
				6721B51E2A1ABDDC0044882D /* SceneDelegate.swift */,
				6721B5202A1ABDDC0044882D /* ViewController.swift */,
				6721B5222A1ABDDC0044882D /* Main.storyboard */,
				6721B5272A1ABDDC0044882D /* LaunchScreen.storyboard */,
				6721B52A2A1ABDDC0044882D /* Info.plist */,
			);
			path = InterfaceBuilderBasics;
			sourceTree = "<group>";
		};
		6721B5322A1ABDDD0044882D /* InterfaceBuilderBasicsTests */ = {
			isa = PBXGroup;
			children = (
				6721B5332A1ABDDD0044882D /* InterfaceBuilderBasicsTests.swift */,
			);
			path = InterfaceBuilderBasicsTests;
			sourceTree = "<group>";
		};
		6721B53C2A1ABDDD0044882D /* InterfaceBuilderBasicsUITests */ = {
			isa = PBXGroup;
			children = (
				6721B53D2A1ABDDD0044882D /* InterfaceBuilderBasicsUITests.swift */,
				6721B53F2A1ABDDD0044882D /* InterfaceBuilderBasicsUITestsLaunchTests.swift */,
			);
			path = InterfaceBuilderBasicsUITests;
			sourceTree = "<group>";
		};
/* End PBXGroup section */

/* Begin PBXNativeTarget section */
		6721B5182A1ABDDC0044882D /* InterfaceBuilderBasics */ = {
			isa = PBXNativeTarget;
			buildConfigurationList = 6721B5432A1ABDDD0044882D /* Build configuration list for PBXNativeTarget "InterfaceBuilderBasics" */;
			buildPhases = (
				6721B5152A1ABDDC0044882D /* Sources */,
				6721B5162A1ABDDC0044882D /* Frameworks */,
				6721B5172A1ABDDC0044882D /* Resources */,
			);
			buildRules = (
			);
			dependencies = (
			);
			name = InterfaceBuilderBasics;
			productName = InterfaceBuilderBasics;
			productReference = 6721B5192A1ABDDC0044882D /* InterfaceBuilderBasics.app */;
			productType = "com.apple.product-type.application";
		};
		6721B52E2A1ABDDD0044882D /* InterfaceBuilderBasicsTests */ = {
			isa = PBXNativeTarget;
			buildConfigurationList = 6721B5462A1ABDDD0044882D /* Build configuration list for PBXNativeTarget "InterfaceBuilderBasicsTests" */;
			buildPhases = (
				6721B52B2A1ABDDD0044882D /* Sources */,
				6721B52C2A1ABDDD0044882D /* Frameworks */,
				6721B52D2A1ABDDD0044882D /* Resources */,
			);
			buildRules = (
			);
			dependencies = (
				6721B5312A1ABDDD0044882D /* PBXTargetDependency */,
			);
			name = InterfaceBuilderBasicsTests;
			productName = InterfaceBuilderBasicsTests;
			productReference = 6721B52F2A1ABDDD0044882D /* InterfaceBuilderBasicsTests.xctest */;
			productType = "com.apple.product-type.bundle.unit-test";
		};
		6721B5382A1ABDDD0044882D /* InterfaceBuilderBasicsUITests */ = {
			isa = PBXNativeTarget;
			buildConfigurationList = 6721B5492A1ABDDD0044882D /* Build configuration list for PBXNativeTarget "InterfaceBuilderBasicsUITests" */;
			buildPhases = (
				6721B5352A1ABDDD0044882D /* Sources */,
				6721B5362A1ABDDD0044882D /* Frameworks */,
				6721B5372A1ABDDD0044882D /* Resources */,
			);
			buildRules = (
			);
			dependencies = (
				6721B53B2A1ABDDD0044882D /* PBXTargetDependency */,
			);
			name = InterfaceBuilderBasicsUITests;
			productName = InterfaceBuilderBasicsUITests;
			productReference = 6721B5392A1ABDDD0044882D /* InterfaceBuilderBasicsUITests.xctest */;
			productType = "com.apple.product-type.bundle.ui-testing";
		};
/* End PBXNativeTarget section */

/* Begin PBXProject section */
		6721B5112A1ABDDC0044882D /* Project object */ = {
			isa = PBXProject;
			attributes = {
				BuildIndependentTargetsInParallel = 1;
				LastSwiftUpdateCheck = 1430;
				LastUpgradeCheck = 1430;
				TargetAttributes = {
					6721B5182A1ABDDC0044882D = {
						CreatedOnToolsVersion = 14.3;
					};
					6721B52E2A1ABDDD0044882D = {
						CreatedOnToolsVersion = 14.3;
						TestTargetID = 6721B5182A1ABDDC0044882D;
					};
					6721B5382A1ABDDD0044882D = {
						CreatedOnToolsVersion = 14.3;
						TestTargetID = 6721B5182A1ABDDC0044882D;
					};
				};
			};
			buildConfigurationList = 6721B5142A1ABDDC0044882D /* Build configuration list for PBXProject "InterfaceBuilderBasics" */;
			compatibilityVersion = "Xcode 14.0";
			developmentRegion = en;
			hasScannedForEncodings = 0;
			knownRegions = (
				en,
				Base,
			);
			mainGroup = 6721B5102A1ABDDC0044882D;
			productRefGroup = 6721B51A2A1ABDDC0044882D /* Products */;
			projectDirPath = "";
			projectRoot = "";
			targets = (
				6721B5182A1ABDDC0044882D /* InterfaceBuilderBasics */,
				6721B52E2A1ABDDD0044882D /* InterfaceBuilderBasicsTests */,
				6721B5382A1ABDDD0044882D /* InterfaceBuilderBasicsUITests */,
			);
		};
/* End PBXProject section */

/* Begin PBXResourcesBuildPhase section */
		6721B5172A1ABDDC0044882D /* Resources */ = {
			isa = PBXResourcesBuildPhase;
			buildActionMask = 2147483647;
			files = (
				6721B5292A1ABDDC0044882D /* LaunchScreen.storyboard in Resources */,
				6721B5242A1ABDDC0044882D /* Main.storyboard in Resources */,
			);
			runOnlyForDeploymentPostprocessing = 0;
		};
		6721B52D2A1ABDDD0044882D /* Resources */ = {
			isa = PBXResourcesBuildPhase;
			buildActionMask = 2147483647;
			files = (
			);
			runOnlyForDeploymentPostprocessing = 0;
		};
		6721B5372A1ABDDD0044882D /* Resources */ = {
			isa = PBXResourcesBuildPhase;
			buildActionMask = 2147483647;
			files = (
			);
			runOnlyForDeploymentPostprocessing = 0;
		};
/* End PBXResourcesBuildPhase section */

/* Begin PBXSourcesBuildPhase section */
		6721B5152A1ABDDC0044882D /* Sources */ = {
			isa = PBXSourcesBuildPhase;
			buildActionMask = 2147483647;
			files = (
				6721B5212A1ABDDC0044882D /* ViewController.swift in Sources */,
				6721B51D2A1ABDDC0044882D /* AppDelegate.swift in Sources */,
				6721B51F2A1ABDDC0044882D /* SceneDelegate.swift in Sources */,
			);
			runOnlyForDeploymentPostprocessing = 0;
		};
		6721B52B2A1ABDDD0044882D /* Sources */ = {
			isa = PBXSourcesBuildPhase;
			buildActionMask = 2147483647;
			files = (
				6721B5342A1ABDDD0044882D /* InterfaceBuilderBasicsTests.swift in Sources */,
			);
			runOnlyForDeploymentPostprocessing = 0;
		};
		6721B5352A1ABDDD0044882D /* Sources */ = {
			isa = PBXSourcesBuildPhase;
			buildActionMask = 2147483647;
			files = (
				6721B53E2A1ABDDD0044882D /* InterfaceBuilderBasicsUITests.swift in Sources */,
				6721B5402A1ABDDD0044882D /* InterfaceBuilderBasicsUITestsLaunchTests.swift in Sources */,
			);
			runOnlyForDeploymentPostprocessing = 0;
		};
/* End PBXSourcesBuildPhase section */

/* Begin PBXTargetDependency section */
		6721B5312A1ABDDD0044882D /* PBXTargetDependency */ = {
			isa = PBXTargetDependency;
			target = 6721B5182A1ABDDC0044882D /* InterfaceBuilderBasics */;
			targetProxy = 6721B5302A1ABDDD0044882D /* PBXContainerItemProxy */;
		};
		6721B53B2A1ABDDD0044882D /* PBXTargetDependency */ = {
			isa = PBXTargetDependency;
			target = 6721B5182A1ABDDC0044882D /* InterfaceBuilderBasics */;
			targetProxy = 6721B53A2A1ABDDD0044882D /* PBXContainerItemProxy */;
		};
/* End PBXTargetDependency section */

/* Begin PBXVariantGroup section */
		6721B5222A1ABDDC0044882D /* Main.storyboard */ = {
			isa = PBXVariantGroup;
			children = (
				6721B5232A1ABDDC0044882D /* Base */,
			);
			name = Main.storyboard;
			sourceTree = "<group>";
		};
		6721B5272A1ABDDC0044882D /* LaunchScreen.storyboard */ = {
			isa = PBXVariantGroup;
			children = (
				6721B5282A1ABDDC0044882D /* Base */,
			);
			name = LaunchScreen.storyboard;
			sourceTree = "<group>";
		};
/* End PBXVariantGroup section */

/* Begin XCBuildConfiguration section */
		6721B5412A1ABDDD0044882D /* Debug */ = {
			isa = XCBuildConfiguration;
			buildSettings = {
				ALWAYS_SEARCH_USER_PATHS = NO;
				CLANG_ANALYZER_NONNULL = YES;
				CLANG_ANALYZER_NUMBER_OBJECT_CONVERSION = YES_AGGRESSIVE;
				CLANG_CXX_LANGUAGE_STANDARD = "gnu++20";
				CLANG_ENABLE_MODULES = YES;
				CLANG_ENABLE_OBJC_ARC = YES;
				CLANG_ENABLE_OBJC_WEAK = YES;
				CLANG_WARN_BLOCK_CAPTURE_AUTORELEASING = YES;
				CLANG_WARN_BOOL_CONVERSION = YES;
				CLANG_WARN_COMMA = YES;
				CLANG_WARN_CONSTANT_CONVERSION = YES;
				CLANG_WARN_DEPRECATED_OBJC_IMPLEMENTATIONS = YES;
				CLANG_WARN_DIRECT_OBJC_ISA_USAGE = YES_ERROR;
				CLANG_WARN_DOCUMENTATION_COMMENTS = YES;
				CLANG_WARN_EMPTY_BODY = YES;
				CLANG_WARN_ENUM_CONVERSION = YES;
				CLANG_WARN_INFINITE_RECURSION = YES;
				CLANG_WARN_INT_CONVERSION = YES;
				CLANG_WARN_NON_LITERAL_NULL_CONVERSION = YES;
				CLANG_WARN_OBJC_IMPLICIT_RETAIN_SELF = YES;
				CLANG_WARN_OBJC_LITERAL_CONVERSION = YES;
				CLANG_WARN_OBJC_ROOT_CLASS = YES_ERROR;
				CLANG_WARN_QUOTED_INCLUDE_IN_FRAMEWORK_HEADER = YES;
				CLANG_WARN_RANGE_LOOP_ANALYSIS = YES;
				CLANG_WARN_STRICT_PROTOTYPES = YES;
				CLANG_WARN_SUSPICIOUS_MOVE = YES;
				CLANG_WARN_UNGUARDED_AVAILABILITY = YES_AGGRESSIVE;
				CLANG_WARN_UNREACHABLE_CODE = YES;
				CLANG_WARN__DUPLICATE_METHOD_MATCH = YES;
				COPY_PHASE_STRIP = NO;
				DEBUG_INFORMATION_FORMAT = dwarf;
				ENABLE_STRICT_OBJC_MSGSEND = YES;
				ENABLE_TESTABILITY = YES;
				GCC_C_LANGUAGE_STANDARD = gnu11;
				GCC_DYNAMIC_NO_PIC = NO;
				GCC_NO_COMMON_BLOCKS = YES;
				GCC_OPTIMIZATION_LEVEL = 0;
				GCC_PREPROCESSOR_DEFINITIONS = (
					"DEBUG=1",
					"$(inherited)",
				);
				GCC_WARN_64_TO_32_BIT_CONVERSION = YES;
				GCC_WARN_ABOUT_RETURN_TYPE = YES_ERROR;
				GCC_WARN_UNDECLARED_SELECTOR = YES;
				GCC_WARN_UNINITIALIZED_AUTOS = YES_AGGRESSIVE;
				GCC_WARN_UNUSED_FUNCTION = YES;
				GCC_WARN_UNUSED_VARIABLE = YES;
				IPHONEOS_DEPLOYMENT_TARGET = 16.4;
				MTL_ENABLE_DEBUG_INFO = INCLUDE_SOURCE;
				MTL_FAST_MATH = YES;
				ONLY_ACTIVE_ARCH = YES;
				SDKROOT = iphoneos;
				SWIFT_ACTIVE_COMPILATION_CONDITIONS = DEBUG;
				SWIFT_OPTIMIZATION_LEVEL = "-Onone";
			};
			name = Debug;
		};
		6721B5422A1ABDDD0044882D /* Release */ = {
			isa = XCBuildConfiguration;
			buildSettings = {
				ALWAYS_SEARCH_USER_PATHS = NO;
				CLANG_ANALYZER_NONNULL = YES;
				CLANG_ANALYZER_NUMBER_OBJECT_CONVERSION = YES_AGGRESSIVE;
				CLANG_CXX_LANGUAGE_STANDARD = "gnu++20";
				CLANG_ENABLE_MODULES = YES;
				CLANG_ENABLE_OBJC_ARC = YES;
				CLANG_ENABLE_OBJC_WEAK = YES;
				CLANG_WARN_BLOCK_CAPTURE_AUTORELEASING = YES;
				CLANG_WARN_BOOL_CONVERSION = YES;
				CLANG_WARN_COMMA = YES;
				CLANG_WARN_CONSTANT_CONVERSION = YES;
				CLANG_WARN_DEPRECATED_OBJC_IMPLEMENTATIONS = YES;
				CLANG_WARN_DIRECT_OBJC_ISA_USAGE = YES_ERROR;
				CLANG_WARN_DOCUMENTATION_COMMENTS = YES;
				CLANG_WARN_EMPTY_BODY = YES;
				CLANG_WARN_ENUM_CONVERSION = YES;
				CLANG_WARN_INFINITE_RECURSION = YES;
				CLANG_WARN_INT_CONVERSION = YES;
				CLANG_WARN_NON_LITERAL_NULL_CONVERSION = YES;
				CLANG_WARN_OBJC_IMPLICIT_RETAIN_SELF = YES;
				CLANG_WARN_OBJC_LITERAL_CONVERSION = YES;
				CLANG_WARN_OBJC_ROOT_CLASS = YES_ERROR;
				CLANG_WARN_QUOTED_INCLUDE_IN_FRAMEWORK_HEADER = YES;
				CLANG_WARN_RANGE_LOOP_ANALYSIS = YES;
				CLANG_WARN_STRICT_PROTOTYPES = YES;
				CLANG_WARN_SUSPICIOUS_MOVE = YES;
				CLANG_WARN_UNGUARDED_AVAILABILITY = YES_AGGRESSIVE;
				CLANG_WARN_UNREACHABLE_CODE = YES;
				CLANG_WARN__DUPLICATE_METHOD_MATCH = YES;
				COPY_PHASE_STRIP = NO;
				DEBUG_INFORMATION_FORMAT = "dwarf-with-dsym";
				ENABLE_NS_ASSERTIONS = NO;
				ENABLE_STRICT_OBJC_MSGSEND = YES;
				GCC_C_LANGUAGE_STANDARD = gnu11;
				GCC_NO_COMMON_BLOCKS = YES;
				GCC_WARN_64_TO_32_BIT_CONVERSION = YES;
				GCC_WARN_ABOUT_RETURN_TYPE = YES_ERROR;
				GCC_WARN_UNDECLARED_SELECTOR = YES;
				GCC_WARN_UNINITIALIZED_AUTOS = YES_AGGRESSIVE;
				GCC_WARN_UNUSED_FUNCTION = YES;
				GCC_WARN_UNUSED_VARIABLE = YES;
				IPHONEOS_DEPLOYMENT_TARGET = 16.4;
				MTL_ENABLE_DEBUG_INFO = NO;
				MTL_FAST_MATH = YES;
				SDKROOT = iphoneos;
				SWIFT_COMPILATION_MODE = wholemodule;
				SWIFT_OPTIMIZATION_LEVEL = "-O";
				VALIDATE_PRODUCT = YES;
			};
			name = Release;
		};
		6721B5442A1ABDDD0044882D /* Debug */ = {
			isa = XCBuildConfiguration;
			buildSettings = {
				ASSETCATALOG_COMPILER_APPICON_NAME = AppIcon;
				ASSETCATALOG_COMPILER_GLOBAL_ACCENT_COLOR_NAME = AccentColor;
				CODE_SIGN_STYLE = Automatic;
				CURRENT_PROJECT_VERSION = 1;
				GENERATE_INFOPLIST_FILE = YES;
				INFOPLIST_FILE = InterfaceBuilderBasics/Info.plist;
				INFOPLIST_KEY_UIApplicationSupportsIndirectInputEvents = YES;
				INFOPLIST_KEY_UILaunchStoryboardName = LaunchScreen;
				INFOPLIST_KEY_UIMainStoryboardFile = Main;
				INFOPLIST_KEY_UISupportedInterfaceOrientations_iPad = "UIInterfaceOrientationPortrait UIInterfaceOrientationPortraitUpsideDown UIInterfaceOrientationLandscapeLeft UIInterfaceOrientationLandscapeRight";
				INFOPLIST_KEY_UISupportedInterfaceOrientations_iPhone = "UIInterfaceOrientationPortrait UIInterfaceOrientationLandscapeLeft UIInterfaceOrientationLandscapeRight";
				LD_RUNPATH_SEARCH_PATHS = (
					"$(inherited)",
					"@executable_path/Frameworks",
				);
				MARKETING_VERSION = 1.0;
				PRODUCT_BUNDLE_IDENTIFIER = TryAdd.InterfaceBuilderBasics;
				PRODUCT_NAME = "$(TARGET_NAME)";
				SWIFT_EMIT_LOC_STRINGS = YES;
				SWIFT_VERSION = 5.0;
				TARGETED_DEVICE_FAMILY = "1,2";
			};
			name = Debug;
		};
		6721B5452A1ABDDD0044882D /* Release */ = {
			isa = XCBuildConfiguration;
			buildSettings = {
				ASSETCATALOG_COMPILER_APPICON_NAME = AppIcon;
				ASSETCATALOG_COMPILER_GLOBAL_ACCENT_COLOR_NAME = AccentColor;
				CODE_SIGN_STYLE = Automatic;
				CURRENT_PROJECT_VERSION = 1;
				GENERATE_INFOPLIST_FILE = YES;
				INFOPLIST_FILE = InterfaceBuilderBasics/Info.plist;
				INFOPLIST_KEY_UIApplicationSupportsIndirectInputEvents = YES;
				INFOPLIST_KEY_UILaunchStoryboardName = LaunchScreen;
				INFOPLIST_KEY_UIMainStoryboardFile = Main;
				INFOPLIST_KEY_UISupportedInterfaceOrientations_iPad = "UIInterfaceOrientationPortrait UIInterfaceOrientationPortraitUpsideDown UIInterfaceOrientationLandscapeLeft UIInterfaceOrientationLandscapeRight";
				INFOPLIST_KEY_UISupportedInterfaceOrientations_iPhone = "UIInterfaceOrientationPortrait UIInterfaceOrientationLandscapeLeft UIInterfaceOrientationLandscapeRight";
				LD_RUNPATH_SEARCH_PATHS = (
					"$(inherited)",
					"@executable_path/Frameworks",
				);
				MARKETING_VERSION = 1.0;
				PRODUCT_BUNDLE_IDENTIFIER = TryAdd.InterfaceBuilderBasics;
				PRODUCT_NAME = "$(TARGET_NAME)";
				SWIFT_EMIT_LOC_STRINGS = YES;
				SWIFT_VERSION = 5.0;
				TARGETED_DEVICE_FAMILY = "1,2";
			};
			name = Release;
		};
		6721B5472A1ABDDD0044882D /* Debug */ = {
			isa = XCBuildConfiguration;
			buildSettings = {
				ALWAYS_EMBED_SWIFT_STANDARD_LIBRARIES = YES;
				BUNDLE_LOADER = "$(TEST_HOST)";
				CODE_SIGN_STYLE = Automatic;
				CURRENT_PROJECT_VERSION = 1;
				GENERATE_INFOPLIST_FILE = YES;
				IPHONEOS_DEPLOYMENT_TARGET = 16.4;
				MARKETING_VERSION = 1.0;
				PRODUCT_BUNDLE_IDENTIFIER = TryAdd.InterfaceBuilderBasicsTests;
				PRODUCT_NAME = "$(TARGET_NAME)";
				SWIFT_EMIT_LOC_STRINGS = NO;
				SWIFT_VERSION = 5.0;
				TARGETED_DEVICE_FAMILY = "1,2";
				TEST_HOST = "$(BUILT_PRODUCTS_DIR)/InterfaceBuilderBasics.app/$(BUNDLE_EXECUTABLE_FOLDER_PATH)/InterfaceBuilderBasics";
			};
			name = Debug;
		};
		6721B5482A1ABDDD0044882D /* Release */ = {
			isa = XCBuildConfiguration;
			buildSettings = {
				ALWAYS_EMBED_SWIFT_STANDARD_LIBRARIES = YES;
				BUNDLE_LOADER = "$(TEST_HOST)";
				CODE_SIGN_STYLE = Automatic;
				CURRENT_PROJECT_VERSION = 1;
				GENERATE_INFOPLIST_FILE = YES;
				IPHONEOS_DEPLOYMENT_TARGET = 16.4;
				MARKETING_VERSION = 1.0;
				PRODUCT_BUNDLE_IDENTIFIER = TryAdd.InterfaceBuilderBasicsTests;
				PRODUCT_NAME = "$(TARGET_NAME)";
				SWIFT_EMIT_LOC_STRINGS = NO;
				SWIFT_VERSION = 5.0;
				TARGETED_DEVICE_FAMILY = "1,2";
				TEST_HOST = "$(BUILT_PRODUCTS_DIR)/InterfaceBuilderBasics.app/$(BUNDLE_EXECUTABLE_FOLDER_PATH)/InterfaceBuilderBasics";
			};
			name = Release;
		};
		6721B54A2A1ABDDD0044882D /* Debug */ = {
			isa = XCBuildConfiguration;
			buildSettings = {
				ALWAYS_EMBED_SWIFT_STANDARD_LIBRARIES = YES;
				CODE_SIGN_STYLE = Automatic;
				CURRENT_PROJECT_VERSION = 1;
				GENERATE_INFOPLIST_FILE = YES;
				MARKETING_VERSION = 1.0;
				PRODUCT_BUNDLE_IDENTIFIER = TryAdd.InterfaceBuilderBasicsUITests;
				PRODUCT_NAME = "$(TARGET_NAME)";
				SWIFT_EMIT_LOC_STRINGS = NO;
				SWIFT_VERSION = 5.0;
				TARGETED_DEVICE_FAMILY = "1,2";
				TEST_TARGET_NAME = InterfaceBuilderBasics;
			};
			name = Debug;
		};
		6721B54B2A1ABDDD0044882D /* Release */ = {
			isa = XCBuildConfiguration;
			buildSettings = {
				ALWAYS_EMBED_SWIFT_STANDARD_LIBRARIES = YES;
				CODE_SIGN_STYLE = Automatic;
				CURRENT_PROJECT_VERSION = 1;
				GENERATE_INFOPLIST_FILE = YES;
				MARKETING_VERSION = 1.0;
				PRODUCT_BUNDLE_IDENTIFIER = TryAdd.InterfaceBuilderBasicsUITests;
				PRODUCT_NAME = "$(TARGET_NAME)";
				SWIFT_EMIT_LOC_STRINGS = NO;
				SWIFT_VERSION = 5.0;
				TARGETED_DEVICE_FAMILY = "1,2";
				TEST_TARGET_NAME = InterfaceBuilderBasics;
			};
			name = Release;
		};
/* End XCBuildConfiguration section */

/* Begin XCConfigurationList section */
		6721B5142A1ABDDC0044882D /* Build configuration list for PBXProject "InterfaceBuilderBasics" */ = {
			isa = XCConfigurationList;
			buildConfigurations = (
				6721B5412A1ABDDD0044882D /* Debug */,
				6721B5422A1ABDDD0044882D /* Release */,
			);
			defaultConfigurationIsVisible = 0;
			defaultConfigurationName = Release;
		};
		6721B5432A1ABDDD0044882D /* Build configuration list for PBXNativeTarget "InterfaceBuilderBasics" */ = {
			isa = XCConfigurationList;
			buildConfigurations = (
				6721B5442A1ABDDD0044882D /* Debug */,
				6721B5452A1ABDDD0044882D /* Release */,
			);
			defaultConfigurationIsVisible = 0;
			defaultConfigurationName = Release;
		};
		6721B5462A1ABDDD0044882D /* Build configuration list for PBXNativeTarget "InterfaceBuilderBasicsTests" */ = {
			isa = XCConfigurationList;
			buildConfigurations = (
				6721B5472A1ABDDD0044882D /* Debug */,
				6721B5482A1ABDDD0044882D /* Release */,
			);
			defaultConfigurationIsVisible = 0;
			defaultConfigurationName = Release;
		};
		6721B5492A1ABDDD0044882D /* Build configuration list for PBXNativeTarget "InterfaceBuilderBasicsUITests" */ = {
			isa = XCConfigurationList;
			buildConfigurations = (
				6721B54A2A1ABDDD0044882D /* Debug */,
				6721B54B2A1ABDDD0044882D /* Release */,
			);
			defaultConfigurationIsVisible = 0;
			defaultConfigurationName = Release;
		};
/* End XCConfigurationList section */
	};
	rootObject = 6721B5112A1ABDDC0044882D /* Project object */;
}
