// !$*UTF8*$!
{
	archiveVersion = 1;
	classes = {
	};
	objectVersion = 56;
	objects = {

/* Begin PBXBuildFile section */
		67513BBE2A322C6400D3EEF6 /* AppDelegate.swift in Sources */ = {isa = PBXBuildFile; fileRef = 67513BBD2A322C6400D3EEF6 /* AppDelegate.swift */; };
		67513BC02A322C6400D3EEF6 /* SceneDelegate.swift in Sources */ = {isa = PBXBuildFile; fileRef = 67513BBF2A322C6400D3EEF6 /* SceneDelegate.swift */; };
		67513BC22A322C6400D3EEF6 /* ViewController.swift in Sources */ = {isa = PBXBuildFile; fileRef = 67513BC12A322C6400D3EEF6 /* ViewController.swift */; };
		67513BC72A322C6400D3EEF6 /* Assets.xcassets in Resources */ = {isa = PBXBuildFile; fileRef = 67513BC62A322C6400D3EEF6 /* Assets.xcassets */; };
		67513BCA2A322C6400D3EEF6 /* LaunchScreen.storyboard in Resources */ = {isa = PBXBuildFile; fileRef = 67513BC82A322C6400D3EEF6 /* LaunchScreen.storyboard */; };
		67513BD52A322C6500D3EEF6 /* AboutMeTests.swift in Sources */ = {isa = PBXBuildFile; fileRef = 67513BD42A322C6500D3EEF6 /* AboutMeTests.swift */; };
		67513BDF2A322C6500D3EEF6 /* AboutMeUITests.swift in Sources */ = {isa = PBXBuildFile; fileRef = 67513BDE2A322C6500D3EEF6 /* AboutMeUITests.swift */; };
		67513BE12A322C6500D3EEF6 /* AboutMeUITestsLaunchTests.swift in Sources */ = {isa = PBXBuildFile; fileRef = 67513BE02A322C6500D3EEF6 /* AboutMeUITestsLaunchTests.swift */; };
/* End PBXBuildFile section */

/* Begin PBXContainerItemProxy section */
		67513BD12A322C6500D3EEF6 /* PBXContainerItemProxy */ = {
			isa = PBXContainerItemProxy;
			containerPortal = 67513BB22A322C6400D3EEF6 /* Project object */;
			proxyType = 1;
			remoteGlobalIDString = 67513BB92A322C6400D3EEF6;
			remoteInfo = AboutMe;
		};
		67513BDB2A322C6500D3EEF6 /* PBXContainerItemProxy */ = {
			isa = PBXContainerItemProxy;
			containerPortal = 67513BB22A322C6400D3EEF6 /* Project object */;
			proxyType = 1;
			remoteGlobalIDString = 67513BB92A322C6400D3EEF6;
			remoteInfo = AboutMe;
		};
/* End PBXContainerItemProxy section */

/* Begin PBXFileReference section */
		67513BBA2A322C6400D3EEF6 /* AboutMe.app */ = {isa = PBXFileReference; explicitFileType = wrapper.application; includeInIndex = 0; path = AboutMe.app; sourceTree = BUILT_PRODUCTS_DIR; };
		67513BBD2A322C6400D3EEF6 /* AppDelegate.swift */ = {isa = PBXFileReference; lastKnownFileType = sourcecode.swift; path = AppDelegate.swift; sourceTree = "<group>"; };
		67513BBF2A322C6400D3EEF6 /* SceneDelegate.swift */ = {isa = PBXFileReference; lastKnownFileType = sourcecode.swift; path = SceneDelegate.swift; sourceTree = "<group>"; };
		67513BC12A322C6400D3EEF6 /* ViewController.swift */ = {isa = PBXFileReference; lastKnownFileType = sourcecode.swift; path = ViewController.swift; sourceTree = "<group>"; };
		67513BC62A322C6400D3EEF6 /* Assets.xcassets */ = {isa = PBXFileReference; lastKnownFileType = folder.assetcatalog; path = Assets.xcassets; sourceTree = "<group>"; };
		67513BC92A322C6400D3EEF6 /* Base */ = {isa = PBXFileReference; lastKnownFileType = file.storyboard; name = Base; path = Base.lproj/LaunchScreen.storyboard; sourceTree = "<group>"; };
		67513BCB2A322C6400D3EEF6 /* Info.plist */ = {isa = PBXFileReference; lastKnownFileType = text.plist.xml; path = Info.plist; sourceTree = "<group>"; };
		67513BD02A322C6500D3EEF6 /* AboutMeTests.xctest */ = {isa = PBXFileReference; explicitFileType = wrapper.cfbundle; includeInIndex = 0; path = AboutMeTests.xctest; sourceTree = BUILT_PRODUCTS_DIR; };
		67513BD42A322C6500D3EEF6 /* AboutMeTests.swift */ = {isa = PBXFileReference; lastKnownFileType = sourcecode.swift; path = AboutMeTests.swift; sourceTree = "<group>"; };
		67513BDA2A322C6500D3EEF6 /* AboutMeUITests.xctest */ = {isa = PBXFileReference; explicitFileType = wrapper.cfbundle; includeInIndex = 0; path = AboutMeUITests.xctest; sourceTree = BUILT_PRODUCTS_DIR; };
		67513BDE2A322C6500D3EEF6 /* AboutMeUITests.swift */ = {isa = PBXFileReference; lastKnownFileType = sourcecode.swift; path = AboutMeUITests.swift; sourceTree = "<group>"; };
		67513BE02A322C6500D3EEF6 /* AboutMeUITestsLaunchTests.swift */ = {isa = PBXFileReference; lastKnownFileType = sourcecode.swift; path = AboutMeUITestsLaunchTests.swift; sourceTree = "<group>"; };
/* End PBXFileReference section */

/* Begin PBXFrameworksBuildPhase section */
		67513BB72A322C6400D3EEF6 /* Frameworks */ = {
			isa = PBXFrameworksBuildPhase;
			buildActionMask = 2147483647;
			files = (
			);
			runOnlyForDeploymentPostprocessing = 0;
		};
		67513BCD2A322C6500D3EEF6 /* Frameworks */ = {
			isa = PBXFrameworksBuildPhase;
			buildActionMask = 2147483647;
			files = (
			);
			runOnlyForDeploymentPostprocessing = 0;
		};
		67513BD72A322C6500D3EEF6 /* Frameworks */ = {
			isa = PBXFrameworksBuildPhase;
			buildActionMask = 2147483647;
			files = (
			);
			runOnlyForDeploymentPostprocessing = 0;
		};
/* End PBXFrameworksBuildPhase section */

/* Begin PBXGroup section */
		67513BB12A322C6400D3EEF6 = {
			isa = PBXGroup;
			children = (
				67513BBC2A322C6400D3EEF6 /* AboutMe */,
				67513BD32A322C6500D3EEF6 /* AboutMeTests */,
				67513BDD2A322C6500D3EEF6 /* AboutMeUITests */,
				67513BBB2A322C6400D3EEF6 /* Products */,
			);
			sourceTree = "<group>";
		};
		67513BBB2A322C6400D3EEF6 /* Products */ = {
			isa = PBXGroup;
			children = (
				67513BBA2A322C6400D3EEF6 /* AboutMe.app */,
				67513BD02A322C6500D3EEF6 /* AboutMeTests.xctest */,
				67513BDA2A322C6500D3EEF6 /* AboutMeUITests.xctest */,
			);
			name = Products;
			sourceTree = "<group>";
		};
		67513BBC2A322C6400D3EEF6 /* AboutMe */ = {
			isa = PBXGroup;
			children = (
				67513BBD2A322C6400D3EEF6 /* AppDelegate.swift */,
				67513BBF2A322C6400D3EEF6 /* SceneDelegate.swift */,
				67513BC12A322C6400D3EEF6 /* ViewController.swift */,
				67513BC62A322C6400D3EEF6 /* Assets.xcassets */,
				67513BC82A322C6400D3EEF6 /* LaunchScreen.storyboard */,
				67513BCB2A322C6400D3EEF6 /* Info.plist */,
			);
			path = AboutMe;
			sourceTree = "<group>";
		};
		67513BD32A322C6500D3EEF6 /* AboutMeTests */ = {
			isa = PBXGroup;
			children = (
				67513BD42A322C6500D3EEF6 /* AboutMeTests.swift */,
			);
			path = AboutMeTests;
			sourceTree = "<group>";
		};
		67513BDD2A322C6500D3EEF6 /* AboutMeUITests */ = {
			isa = PBXGroup;
			children = (
				67513BDE2A322C6500D3EEF6 /* AboutMeUITests.swift */,
				67513BE02A322C6500D3EEF6 /* AboutMeUITestsLaunchTests.swift */,
			);
			path = AboutMeUITests;
			sourceTree = "<group>";
		};
/* End PBXGroup section */

/* Begin PBXNativeTarget section */
		67513BB92A322C6400D3EEF6 /* AboutMe */ = {
			isa = PBXNativeTarget;
			buildConfigurationList = 67513BE42A322C6500D3EEF6 /* Build configuration list for PBXNativeTarget "AboutMe" */;
			buildPhases = (
				67513BB62A322C6400D3EEF6 /* Sources */,
				67513BB72A322C6400D3EEF6 /* Frameworks */,
				67513BB82A322C6400D3EEF6 /* Resources */,
			);
			buildRules = (
			);
			dependencies = (
			);
			name = AboutMe;
			productName = AboutMe;
			productReference = 67513BBA2A322C6400D3EEF6 /* AboutMe.app */;
			productType = "com.apple.product-type.application";
		};
		67513BCF2A322C6500D3EEF6 /* AboutMeTests */ = {
			isa = PBXNativeTarget;
			buildConfigurationList = 67513BE72A322C6500D3EEF6 /* Build configuration list for PBXNativeTarget "AboutMeTests" */;
			buildPhases = (
				67513BCC2A322C6500D3EEF6 /* Sources */,
				67513BCD2A322C6500D3EEF6 /* Frameworks */,
				67513BCE2A322C6500D3EEF6 /* Resources */,
			);
			buildRules = (
			);
			dependencies = (
				67513BD22A322C6500D3EEF6 /* PBXTargetDependency */,
			);
			name = AboutMeTests;
			productName = AboutMeTests;
			productReference = 67513BD02A322C6500D3EEF6 /* AboutMeTests.xctest */;
			productType = "com.apple.product-type.bundle.unit-test";
		};
		67513BD92A322C6500D3EEF6 /* AboutMeUITests */ = {
			isa = PBXNativeTarget;
			buildConfigurationList = 67513BEA2A322C6500D3EEF6 /* Build configuration list for PBXNativeTarget "AboutMeUITests" */;
			buildPhases = (
				67513BD62A322C6500D3EEF6 /* Sources */,
				67513BD72A322C6500D3EEF6 /* Frameworks */,
				67513BD82A322C6500D3EEF6 /* Resources */,
			);
			buildRules = (
			);
			dependencies = (
				67513BDC2A322C6500D3EEF6 /* PBXTargetDependency */,
			);
			name = AboutMeUITests;
			productName = AboutMeUITests;
			productReference = 67513BDA2A322C6500D3EEF6 /* AboutMeUITests.xctest */;
			productType = "com.apple.product-type.bundle.ui-testing";
		};
/* End PBXNativeTarget section */

/* Begin PBXProject section */
		67513BB22A322C6400D3EEF6 /* Project object */ = {
			isa = PBXProject;
			attributes = {
				BuildIndependentTargetsInParallel = 1;
				LastSwiftUpdateCheck = 1430;
				LastUpgradeCheck = 1430;
				TargetAttributes = {
					67513BB92A322C6400D3EEF6 = {
						CreatedOnToolsVersion = 14.3;
					};
					67513BCF2A322C6500D3EEF6 = {
						CreatedOnToolsVersion = 14.3;
						TestTargetID = 67513BB92A322C6400D3EEF6;
					};
					67513BD92A322C6500D3EEF6 = {
						CreatedOnToolsVersion = 14.3;
						TestTargetID = 67513BB92A322C6400D3EEF6;
					};
				};
			};
			buildConfigurationList = 67513BB52A322C6400D3EEF6 /* Build configuration list for PBXProject "AboutMe" */;
			compatibilityVersion = "Xcode 14.0";
			developmentRegion = en;
			hasScannedForEncodings = 0;
			knownRegions = (
				en,
				Base,
			);
			mainGroup = 67513BB12A322C6400D3EEF6;
			productRefGroup = 67513BBB2A322C6400D3EEF6 /* Products */;
			projectDirPath = "";
			projectRoot = "";
			targets = (
				67513BB92A322C6400D3EEF6 /* AboutMe */,
				67513BCF2A322C6500D3EEF6 /* AboutMeTests */,
				67513BD92A322C6500D3EEF6 /* AboutMeUITests */,
			);
		};
/* End PBXProject section */

/* Begin PBXResourcesBuildPhase section */
		67513BB82A322C6400D3EEF6 /* Resources */ = {
			isa = PBXResourcesBuildPhase;
			buildActionMask = 2147483647;
			files = (
				67513BCA2A322C6400D3EEF6 /* LaunchScreen.storyboard in Resources */,
				67513BC72A322C6400D3EEF6 /* Assets.xcassets in Resources */,
			);
			runOnlyForDeploymentPostprocessing = 0;
		};
		67513BCE2A322C6500D3EEF6 /* Resources */ = {
			isa = PBXResourcesBuildPhase;
			buildActionMask = 2147483647;
			files = (
			);
			runOnlyForDeploymentPostprocessing = 0;
		};
		67513BD82A322C6500D3EEF6 /* Resources */ = {
			isa = PBXResourcesBuildPhase;
			buildActionMask = 2147483647;
			files = (
			);
			runOnlyForDeploymentPostprocessing = 0;
		};
/* End PBXResourcesBuildPhase section */

/* Begin PBXSourcesBuildPhase section */
		67513BB62A322C6400D3EEF6 /* Sources */ = {
			isa = PBXSourcesBuildPhase;
			buildActionMask = 2147483647;
			files = (
				67513BC22A322C6400D3EEF6 /* ViewController.swift in Sources */,
				67513BBE2A322C6400D3EEF6 /* AppDelegate.swift in Sources */,
				67513BC02A322C6400D3EEF6 /* SceneDelegate.swift in Sources */,
			);
			runOnlyForDeploymentPostprocessing = 0;
		};
		67513BCC2A322C6500D3EEF6 /* Sources */ = {
			isa = PBXSourcesBuildPhase;
			buildActionMask = 2147483647;
			files = (
				67513BD52A322C6500D3EEF6 /* AboutMeTests.swift in Sources */,
			);
			runOnlyForDeploymentPostprocessing = 0;
		};
		67513BD62A322C6500D3EEF6 /* Sources */ = {
			isa = PBXSourcesBuildPhase;
			buildActionMask = 2147483647;
			files = (
				67513BE12A322C6500D3EEF6 /* AboutMeUITestsLaunchTests.swift in Sources */,
				67513BDF2A322C6500D3EEF6 /* AboutMeUITests.swift in Sources */,
			);
			runOnlyForDeploymentPostprocessing = 0;
		};
/* End PBXSourcesBuildPhase section */

/* Begin PBXTargetDependency section */
		67513BD22A322C6500D3EEF6 /* PBXTargetDependency */ = {
			isa = PBXTargetDependency;
			target = 67513BB92A322C6400D3EEF6 /* AboutMe */;
			targetProxy = 67513BD12A322C6500D3EEF6 /* PBXContainerItemProxy */;
		};
		67513BDC2A322C6500D3EEF6 /* PBXTargetDependency */ = {
			isa = PBXTargetDependency;
			target = 67513BB92A322C6400D3EEF6 /* AboutMe */;
			targetProxy = 67513BDB2A322C6500D3EEF6 /* PBXContainerItemProxy */;
		};
/* End PBXTargetDependency section */

/* Begin PBXVariantGroup section */
		67513BC82A322C6400D3EEF6 /* LaunchScreen.storyboard */ = {
			isa = PBXVariantGroup;
			children = (
				67513BC92A322C6400D3EEF6 /* Base */,
			);
			name = LaunchScreen.storyboard;
			sourceTree = "<group>";
		};
/* End PBXVariantGroup section */

/* Begin XCBuildConfiguration section */
		67513BE22A322C6500D3EEF6 /* Debug */ = {
			isa = XCBuildConfiguration;
			buildSettings = {
				ALWAYS_SEARCH_USER_PATHS = NO;
				CLANG_ANALYZER_NONNULL = YES;
				CLANG_ANALYZER_NUMBER_OBJECT_CONVERSION = YES_AGGRESSIVE;
				CLANG_CXX_LANGUAGE_STANDARD = "gnu++20";
				CLANG_ENABLE_MODULES = YES;
				CLANG_ENABLE_OBJC_ARC = YES;
				CLANG_ENABLE_OBJC_WEAK = YES;
				CLANG_WARN_BLOCK_CAPTURE_AUTORELEASING = YES;
				CLANG_WARN_BOOL_CONVERSION = YES;
				CLANG_WARN_COMMA = YES;
				CLANG_WARN_CONSTANT_CONVERSION = YES;
				CLANG_WARN_DEPRECATED_OBJC_IMPLEMENTATIONS = YES;
				CLANG_WARN_DIRECT_OBJC_ISA_USAGE = YES_ERROR;
				CLANG_WARN_DOCUMENTATION_COMMENTS = YES;
				CLANG_WARN_EMPTY_BODY = YES;
				CLANG_WARN_ENUM_CONVERSION = YES;
				CLANG_WARN_INFINITE_RECURSION = YES;
				CLANG_WARN_INT_CONVERSION = YES;
				CLANG_WARN_NON_LITERAL_NULL_CONVERSION = YES;
				CLANG_WARN_OBJC_IMPLICIT_RETAIN_SELF = YES;
				CLANG_WARN_OBJC_LITERAL_CONVERSION = YES;
				CLANG_WARN_OBJC_ROOT_CLASS = YES_ERROR;
				CLANG_WARN_QUOTED_INCLUDE_IN_FRAMEWORK_HEADER = YES;
				CLANG_WARN_RANGE_LOOP_ANALYSIS = YES;
				CLANG_WARN_STRICT_PROTOTYPES = YES;
				CLANG_WARN_SUSPICIOUS_MOVE = YES;
				CLANG_WARN_UNGUARDED_AVAILABILITY = YES_AGGRESSIVE;
				CLANG_WARN_UNREACHABLE_CODE = YES;
				CLANG_WARN__DUPLICATE_METHOD_MATCH = YES;
				COPY_PHASE_STRIP = NO;
				DEBUG_INFORMATION_FORMAT = dwarf;
				ENABLE_STRICT_OBJC_MSGSEND = YES;
				ENABLE_TESTABILITY = YES;
				GCC_C_LANGUAGE_STANDARD = gnu11;
				GCC_DYNAMIC_NO_PIC = NO;
				GCC_NO_COMMON_BLOCKS = YES;
				GCC_OPTIMIZATION_LEVEL = 0;
				GCC_PREPROCESSOR_DEFINITIONS = (
					"DEBUG=1",
					"$(inherited)",
				);
				GCC_WARN_64_TO_32_BIT_CONVERSION = YES;
				GCC_WARN_ABOUT_RETURN_TYPE = YES_ERROR;
				GCC_WARN_UNDECLARED_SELECTOR = YES;
				GCC_WARN_UNINITIALIZED_AUTOS = YES_AGGRESSIVE;
				GCC_WARN_UNUSED_FUNCTION = YES;
				GCC_WARN_UNUSED_VARIABLE = YES;
				IPHONEOS_DEPLOYMENT_TARGET = 16.4;
				MTL_ENABLE_DEBUG_INFO = INCLUDE_SOURCE;
				MTL_FAST_MATH = YES;
				ONLY_ACTIVE_ARCH = YES;
				SDKROOT = iphoneos;
				SWIFT_ACTIVE_COMPILATION_CONDITIONS = DEBUG;
				SWIFT_OPTIMIZATION_LEVEL = "-Onone";
			};
			name = Debug;
		};
		67513BE32A322C6500D3EEF6 /* Release */ = {
			isa = XCBuildConfiguration;
			buildSettings = {
				ALWAYS_SEARCH_USER_PATHS = NO;
				CLANG_ANALYZER_NONNULL = YES;
				CLANG_ANALYZER_NUMBER_OBJECT_CONVERSION = YES_AGGRESSIVE;
				CLANG_CXX_LANGUAGE_STANDARD = "gnu++20";
				CLANG_ENABLE_MODULES = YES;
				CLANG_ENABLE_OBJC_ARC = YES;
				CLANG_ENABLE_OBJC_WEAK = YES;
				CLANG_WARN_BLOCK_CAPTURE_AUTORELEASING = YES;
				CLANG_WARN_BOOL_CONVERSION = YES;
				CLANG_WARN_COMMA = YES;
				CLANG_WARN_CONSTANT_CONVERSION = YES;
				CLANG_WARN_DEPRECATED_OBJC_IMPLEMENTATIONS = YES;
				CLANG_WARN_DIRECT_OBJC_ISA_USAGE = YES_ERROR;
				CLANG_WARN_DOCUMENTATION_COMMENTS = YES;
				CLANG_WARN_EMPTY_BODY = YES;
				CLANG_WARN_ENUM_CONVERSION = YES;
				CLANG_WARN_INFINITE_RECURSION = YES;
				CLANG_WARN_INT_CONVERSION = YES;
				CLANG_WARN_NON_LITERAL_NULL_CONVERSION = YES;
				CLANG_WARN_OBJC_IMPLICIT_RETAIN_SELF = YES;
				CLANG_WARN_OBJC_LITERAL_CONVERSION = YES;
				CLANG_WARN_OBJC_ROOT_CLASS = YES_ERROR;
				CLANG_WARN_QUOTED_INCLUDE_IN_FRAMEWORK_HEADER = YES;
				CLANG_WARN_RANGE_LOOP_ANALYSIS = YES;
				CLANG_WARN_STRICT_PROTOTYPES = YES;
				CLANG_WARN_SUSPICIOUS_MOVE = YES;
				CLANG_WARN_UNGUARDED_AVAILABILITY = YES_AGGRESSIVE;
				CLANG_WARN_UNREACHABLE_CODE = YES;
				CLANG_WARN__DUPLICATE_METHOD_MATCH = YES;
				COPY_PHASE_STRIP = NO;
				DEBUG_INFORMATION_FORMAT = "dwarf-with-dsym";
				ENABLE_NS_ASSERTIONS = NO;
				ENABLE_STRICT_OBJC_MSGSEND = YES;
				GCC_C_LANGUAGE_STANDARD = gnu11;
				GCC_NO_COMMON_BLOCKS = YES;
				GCC_WARN_64_TO_32_BIT_CONVERSION = YES;
				GCC_WARN_ABOUT_RETURN_TYPE = YES_ERROR;
				GCC_WARN_UNDECLARED_SELECTOR = YES;
				GCC_WARN_UNINITIALIZED_AUTOS = YES_AGGRESSIVE;
				GCC_WARN_UNUSED_FUNCTION = YES;
				GCC_WARN_UNUSED_VARIABLE = YES;
				IPHONEOS_DEPLOYMENT_TARGET = 16.4;
				MTL_ENABLE_DEBUG_INFO = NO;
				MTL_FAST_MATH = YES;
				SDKROOT = iphoneos;
				SWIFT_COMPILATION_MODE = wholemodule;
				SWIFT_OPTIMIZATION_LEVEL = "-O";
				VALIDATE_PRODUCT = YES;
			};
			name = Release;
		};
		67513BE52A322C6500D3EEF6 /* Debug */ = {
			isa = XCBuildConfiguration;
			buildSettings = {
				ASSETCATALOG_COMPILER_APPICON_NAME = AppIcon;
				ASSETCATALOG_COMPILER_GLOBAL_ACCENT_COLOR_NAME = AccentColor;
				CODE_SIGN_STYLE = Automatic;
				CURRENT_PROJECT_VERSION = 1;
				GENERATE_INFOPLIST_FILE = YES;
				INFOPLIST_FILE = AboutMe/Info.plist;
				INFOPLIST_KEY_UIApplicationSupportsIndirectInputEvents = YES;
				INFOPLIST_KEY_UILaunchStoryboardName = LaunchScreen;
				INFOPLIST_KEY_UIMainStoryboardFile = Main;
				INFOPLIST_KEY_UISupportedInterfaceOrientations_iPad = "UIInterfaceOrientationPortrait UIInterfaceOrientationPortraitUpsideDown UIInterfaceOrientationLandscapeLeft UIInterfaceOrientationLandscapeRight";
				INFOPLIST_KEY_UISupportedInterfaceOrientations_iPhone = "UIInterfaceOrientationPortrait UIInterfaceOrientationLandscapeLeft UIInterfaceOrientationLandscapeRight";
				LD_RUNPATH_SEARCH_PATHS = (
					"$(inherited)",
					"@executable_path/Frameworks",
				);
				MARKETING_VERSION = 1.0;
				PRODUCT_BUNDLE_IDENTIFIER = TryAdd.AboutMe;
				PRODUCT_NAME = "$(TARGET_NAME)";
				SWIFT_EMIT_LOC_STRINGS = YES;
				SWIFT_VERSION = 5.0;
				TARGETED_DEVICE_FAMILY = "1,2";
			};
			name = Debug;
		};
		67513BE62A322C6500D3EEF6 /* Release */ = {
			isa = XCBuildConfiguration;
			buildSettings = {
				ASSETCATALOG_COMPILER_APPICON_NAME = AppIcon;
				ASSETCATALOG_COMPILER_GLOBAL_ACCENT_COLOR_NAME = AccentColor;
				CODE_SIGN_STYLE = Automatic;
				CURRENT_PROJECT_VERSION = 1;
				GENERATE_INFOPLIST_FILE = YES;
				INFOPLIST_FILE = AboutMe/Info.plist;
				INFOPLIST_KEY_UIApplicationSupportsIndirectInputEvents = YES;
				INFOPLIST_KEY_UILaunchStoryboardName = LaunchScreen;
				INFOPLIST_KEY_UIMainStoryboardFile = Main;
				INFOPLIST_KEY_UISupportedInterfaceOrientations_iPad = "UIInterfaceOrientationPortrait UIInterfaceOrientationPortraitUpsideDown UIInterfaceOrientationLandscapeLeft UIInterfaceOrientationLandscapeRight";
				INFOPLIST_KEY_UISupportedInterfaceOrientations_iPhone = "UIInterfaceOrientationPortrait UIInterfaceOrientationLandscapeLeft UIInterfaceOrientationLandscapeRight";
				LD_RUNPATH_SEARCH_PATHS = (
					"$(inherited)",
					"@executable_path/Frameworks",
				);
				MARKETING_VERSION = 1.0;
				PRODUCT_BUNDLE_IDENTIFIER = TryAdd.AboutMe;
				PRODUCT_NAME = "$(TARGET_NAME)";
				SWIFT_EMIT_LOC_STRINGS = YES;
				SWIFT_VERSION = 5.0;
				TARGETED_DEVICE_FAMILY = "1,2";
			};
			name = Release;
		};
		67513BE82A322C6500D3EEF6 /* Debug */ = {
			isa = XCBuildConfiguration;
			buildSettings = {
				ALWAYS_EMBED_SWIFT_STANDARD_LIBRARIES = YES;
				BUNDLE_LOADER = "$(TEST_HOST)";
				CODE_SIGN_STYLE = Automatic;
				CURRENT_PROJECT_VERSION = 1;
				GENERATE_INFOPLIST_FILE = YES;
				IPHONEOS_DEPLOYMENT_TARGET = 16.4;
				MARKETING_VERSION = 1.0;
				PRODUCT_BUNDLE_IDENTIFIER = TryAdd.AboutMeTests;
				PRODUCT_NAME = "$(TARGET_NAME)";
				SWIFT_EMIT_LOC_STRINGS = NO;
				SWIFT_VERSION = 5.0;
				TARGETED_DEVICE_FAMILY = "1,2";
				TEST_HOST = "$(BUILT_PRODUCTS_DIR)/AboutMe.app/$(BUNDLE_EXECUTABLE_FOLDER_PATH)/AboutMe";
			};
			name = Debug;
		};
		67513BE92A322C6500D3EEF6 /* Release */ = {
			isa = XCBuildConfiguration;
			buildSettings = {
				ALWAYS_EMBED_SWIFT_STANDARD_LIBRARIES = YES;
				BUNDLE_LOADER = "$(TEST_HOST)";
				CODE_SIGN_STYLE = Automatic;
				CURRENT_PROJECT_VERSION = 1;
				GENERATE_INFOPLIST_FILE = YES;
				IPHONEOS_DEPLOYMENT_TARGET = 16.4;
				MARKETING_VERSION = 1.0;
				PRODUCT_BUNDLE_IDENTIFIER = TryAdd.AboutMeTests;
				PRODUCT_NAME = "$(TARGET_NAME)";
				SWIFT_EMIT_LOC_STRINGS = NO;
				SWIFT_VERSION = 5.0;
				TARGETED_DEVICE_FAMILY = "1,2";
				TEST_HOST = "$(BUILT_PRODUCTS_DIR)/AboutMe.app/$(BUNDLE_EXECUTABLE_FOLDER_PATH)/AboutMe";
			};
			name = Release;
		};
		67513BEB2A322C6500D3EEF6 /* Debug */ = {
			isa = XCBuildConfiguration;
			buildSettings = {
				ALWAYS_EMBED_SWIFT_STANDARD_LIBRARIES = YES;
				CODE_SIGN_STYLE = Automatic;
				CURRENT_PROJECT_VERSION = 1;
				GENERATE_INFOPLIST_FILE = YES;
				MARKETING_VERSION = 1.0;
				PRODUCT_BUNDLE_IDENTIFIER = TryAdd.AboutMeUITests;
				PRODUCT_NAME = "$(TARGET_NAME)";
				SWIFT_EMIT_LOC_STRINGS = NO;
				SWIFT_VERSION = 5.0;
				TARGETED_DEVICE_FAMILY = "1,2";
				TEST_TARGET_NAME = AboutMe;
			};
			name = Debug;
		};
		67513BEC2A322C6500D3EEF6 /* Release */ = {
			isa = XCBuildConfiguration;
			buildSettings = {
				ALWAYS_EMBED_SWIFT_STANDARD_LIBRARIES = YES;
				CODE_SIGN_STYLE = Automatic;
				CURRENT_PROJECT_VERSION = 1;
				GENERATE_INFOPLIST_FILE = YES;
				MARKETING_VERSION = 1.0;
				PRODUCT_BUNDLE_IDENTIFIER = TryAdd.AboutMeUITests;
				PRODUCT_NAME = "$(TARGET_NAME)";
				SWIFT_EMIT_LOC_STRINGS = NO;
				SWIFT_VERSION = 5.0;
				TARGETED_DEVICE_FAMILY = "1,2";
				TEST_TARGET_NAME = AboutMe;
			};
			name = Release;
		};
/* End XCBuildConfiguration section */

/* Begin XCConfigurationList section */
		67513BB52A322C6400D3EEF6 /* Build configuration list for PBXProject "AboutMe" */ = {
			isa = XCConfigurationList;
			buildConfigurations = (
				67513BE22A322C6500D3EEF6 /* Debug */,
				67513BE32A322C6500D3EEF6 /* Release */,
			);
			defaultConfigurationIsVisible = 0;
			defaultConfigurationName = Release;
		};
		67513BE42A322C6500D3EEF6 /* Build configuration list for PBXNativeTarget "AboutMe" */ = {
			isa = XCConfigurationList;
			buildConfigurations = (
				67513BE52A322C6500D3EEF6 /* Debug */,
				67513BE62A322C6500D3EEF6 /* Release */,
			);
			defaultConfigurationIsVisible = 0;
			defaultConfigurationName = Release;
		};
		67513BE72A322C6500D3EEF6 /* Build configuration list for PBXNativeTarget "AboutMeTests" */ = {
			isa = XCConfigurationList;
			buildConfigurations = (
				67513BE82A322C6500D3EEF6 /* Debug */,
				67513BE92A322C6500D3EEF6 /* Release */,
			);
			defaultConfigurationIsVisible = 0;
			defaultConfigurationName = Release;
		};
		67513BEA2A322C6500D3EEF6 /* Build configuration list for PBXNativeTarget "AboutMeUITests" */ = {
			isa = XCConfigurationList;
			buildConfigurations = (
				67513BEB2A322C6500D3EEF6 /* Debug */,
				67513BEC2A322C6500D3EEF6 /* Release */,
			);
			defaultConfigurationIsVisible = 0;
			defaultConfigurationName = Release;
		};
/* End XCConfigurationList section */
	};
	rootObject = 67513BB22A322C6400D3EEF6 /* Project object */;
}
